// !$*UTF8*$!
{
	archiveVersion = 1;
	classes = {
	};
	objectVersion = 51;
	objects = {

/* Begin PBXBuildFile section */
		071964636E702056F94112B6 /* Pods_RxMemo.framework in Frameworks */ = {isa = PBXBuildFile; fileRef = 651E0F5A22BB9812B2039F41 /* Pods_RxMemo.framework */; };
		8E3CC5F323CD348400990356 /* Memo.swift in Sources */ = {isa = PBXBuildFile; fileRef = 8E3CC5F223CD348400990356 /* Memo.swift */; };
		8E3CC5F523CD35B400990356 /* MemoStorage.swift in Sources */ = {isa = PBXBuildFile; fileRef = 8E3CC5F423CD35B400990356 /* MemoStorage.swift */; };
		8E3CC5F923CD368800990356 /* MemoryStorage.swift in Sources */ = {isa = PBXBuildFile; fileRef = 8E3CC5F823CD368800990356 /* MemoryStorage.swift */; };
		8E3CC5FB23CD3B2400990356 /* MemoListViewController.swift in Sources */ = {isa = PBXBuildFile; fileRef = 8E3CC5FA23CD3B2400990356 /* MemoListViewController.swift */; };
		8E3CC5FD23CD3B6B00990356 /* MemoDetailViewController.swift in Sources */ = {isa = PBXBuildFile; fileRef = 8E3CC5FC23CD3B6B00990356 /* MemoDetailViewController.swift */; };
		8E3CC5FF23CD3B8F00990356 /* MemoComposeViewController.swift in Sources */ = {isa = PBXBuildFile; fileRef = 8E3CC5FE23CD3B8F00990356 /* MemoComposeViewController.swift */; };
		8E3CC60123CD3BF500990356 /* MemoListViewModel.swift in Sources */ = {isa = PBXBuildFile; fileRef = 8E3CC60023CD3BF500990356 /* MemoListViewModel.swift */; };
		8E3CC60323CD3C1D00990356 /* MemoDetailViewModel.swift in Sources */ = {isa = PBXBuildFile; fileRef = 8E3CC60223CD3C1D00990356 /* MemoDetailViewModel.swift */; };
		8E3CC60523CD3C4400990356 /* MemoComposeViewModel.swift in Sources */ = {isa = PBXBuildFile; fileRef = 8E3CC60423CD3C4400990356 /* MemoComposeViewModel.swift */; };
		8E3CC60723CD3C8100990356 /* ViewModelBindableType.swift in Sources */ = {isa = PBXBuildFile; fileRef = 8E3CC60623CD3C8100990356 /* ViewModelBindableType.swift */; };
		8E484FEF23CD317D0085B553 /* AppDelegate.swift in Sources */ = {isa = PBXBuildFile; fileRef = 8E484FEE23CD317D0085B553 /* AppDelegate.swift */; };
		8E484FF123CD317D0085B553 /* SceneDelegate.swift in Sources */ = {isa = PBXBuildFile; fileRef = 8E484FF023CD317D0085B553 /* SceneDelegate.swift */; };
		8E484FF623CD317D0085B553 /* Main.storyboard in Resources */ = {isa = PBXBuildFile; fileRef = 8E484FF423CD317D0085B553 /* Main.storyboard */; };
		8E484FF923CD317D0085B553 /* RxMemo.xcdatamodeld in Sources */ = {isa = PBXBuildFile; fileRef = 8E484FF723CD317D0085B553 /* RxMemo.xcdatamodeld */; };
		8E484FFB23CD31800085B553 /* Assets.xcassets in Resources */ = {isa = PBXBuildFile; fileRef = 8E484FFA23CD31800085B553 /* Assets.xcassets */; };
		8E484FFE23CD31800085B553 /* LaunchScreen.storyboard in Resources */ = {isa = PBXBuildFile; fileRef = 8E484FFC23CD31800085B553 /* LaunchScreen.storyboard */; };
		8ECD9E0523CD6AF200DB7FB6 /* TransitionModel.swift in Sources */ = {isa = PBXBuildFile; fileRef = 8ECD9E0423CD6AF200DB7FB6 /* TransitionModel.swift */; };
		8ECD9E0723CD6B3C00DB7FB6 /* Scene.swift in Sources */ = {isa = PBXBuildFile; fileRef = 8ECD9E0623CD6B3C00DB7FB6 /* Scene.swift */; };
		8ECD9E0923CD6D7B00DB7FB6 /* SceneCoordinatorType.swift in Sources */ = {isa = PBXBuildFile; fileRef = 8ECD9E0823CD6D7B00DB7FB6 /* SceneCoordinatorType.swift */; };
		8ECD9E0B23CD6E1000DB7FB6 /* SceneCoordinator.swift in Sources */ = {isa = PBXBuildFile; fileRef = 8ECD9E0A23CD6E1000DB7FB6 /* SceneCoordinator.swift */; };
		8ECD9E0D23CF5AC300DB7FB6 /* CommonViewModel.swift in Sources */ = {isa = PBXBuildFile; fileRef = 8ECD9E0C23CF5AC300DB7FB6 /* CommonViewModel.swift */; };
		8EE2C9C5240A314A006C502F /* CoreDataStorage.swift in Sources */ = {isa = PBXBuildFile; fileRef = 8EE2C9C4240A314A006C502F /* CoreDataStorage.swift */; };
/* End PBXBuildFile section */

/* Begin PBXFileReference section */
		35FCC3AC784DB0506D25BB6E /* Pods-RxMemo.release.xcconfig */ = {isa = PBXFileReference; includeInIndex = 1; lastKnownFileType = text.xcconfig; name = "Pods-RxMemo.release.xcconfig"; path = "Target Support Files/Pods-RxMemo/Pods-RxMemo.release.xcconfig"; sourceTree = "<group>"; };
		651E0F5A22BB9812B2039F41 /* Pods_RxMemo.framework */ = {isa = PBXFileReference; explicitFileType = wrapper.framework; includeInIndex = 0; path = Pods_RxMemo.framework; sourceTree = BUILT_PRODUCTS_DIR; };
		85490727DA1E98400B52CE01 /* Pods-RxMemo.debug.xcconfig */ = {isa = PBXFileReference; includeInIndex = 1; lastKnownFileType = text.xcconfig; name = "Pods-RxMemo.debug.xcconfig"; path = "Target Support Files/Pods-RxMemo/Pods-RxMemo.debug.xcconfig"; sourceTree = "<group>"; };
		8E3CC5F223CD348400990356 /* Memo.swift */ = {isa = PBXFileReference; lastKnownFileType = sourcecode.swift; path = Memo.swift; sourceTree = "<group>"; };
		8E3CC5F423CD35B400990356 /* MemoStorage.swift */ = {isa = PBXFileReference; lastKnownFileType = sourcecode.swift; path = MemoStorage.swift; sourceTree = "<group>"; };
		8E3CC5F823CD368800990356 /* MemoryStorage.swift */ = {isa = PBXFileReference; lastKnownFileType = sourcecode.swift; path = MemoryStorage.swift; sourceTree = "<group>"; };
		8E3CC5FA23CD3B2400990356 /* MemoListViewController.swift */ = {isa = PBXFileReference; lastKnownFileType = sourcecode.swift; path = MemoListViewController.swift; sourceTree = "<group>"; };
		8E3CC5FC23CD3B6B00990356 /* MemoDetailViewController.swift */ = {isa = PBXFileReference; lastKnownFileType = sourcecode.swift; path = MemoDetailViewController.swift; sourceTree = "<group>"; };
		8E3CC5FE23CD3B8F00990356 /* MemoComposeViewController.swift */ = {isa = PBXFileReference; lastKnownFileType = sourcecode.swift; path = MemoComposeViewController.swift; sourceTree = "<group>"; };
		8E3CC60023CD3BF500990356 /* MemoListViewModel.swift */ = {isa = PBXFileReference; lastKnownFileType = sourcecode.swift; path = MemoListViewModel.swift; sourceTree = "<group>"; };
		8E3CC60223CD3C1D00990356 /* MemoDetailViewModel.swift */ = {isa = PBXFileReference; lastKnownFileType = sourcecode.swift; path = MemoDetailViewModel.swift; sourceTree = "<group>"; };
		8E3CC60423CD3C4400990356 /* MemoComposeViewModel.swift */ = {isa = PBXFileReference; lastKnownFileType = sourcecode.swift; path = MemoComposeViewModel.swift; sourceTree = "<group>"; };
		8E3CC60623CD3C8100990356 /* ViewModelBindableType.swift */ = {isa = PBXFileReference; lastKnownFileType = sourcecode.swift; path = ViewModelBindableType.swift; sourceTree = "<group>"; };
		8E484FEB23CD317D0085B553 /* RxMemo.app */ = {isa = PBXFileReference; explicitFileType = wrapper.application; includeInIndex = 0; path = RxMemo.app; sourceTree = BUILT_PRODUCTS_DIR; };
		8E484FEE23CD317D0085B553 /* AppDelegate.swift */ = {isa = PBXFileReference; lastKnownFileType = sourcecode.swift; path = AppDelegate.swift; sourceTree = "<group>"; };
		8E484FF023CD317D0085B553 /* SceneDelegate.swift */ = {isa = PBXFileReference; lastKnownFileType = sourcecode.swift; path = SceneDelegate.swift; sourceTree = "<group>"; };
		8E484FF523CD317D0085B553 /* Base */ = {isa = PBXFileReference; lastKnownFileType = file.storyboard; name = Base; path = Base.lproj/Main.storyboard; sourceTree = "<group>"; };
		8E484FF823CD317D0085B553 /* RxMemo.xcdatamodel */ = {isa = PBXFileReference; lastKnownFileType = wrapper.xcdatamodel; path = RxMemo.xcdatamodel; sourceTree = "<group>"; };
		8E484FFA23CD31800085B553 /* Assets.xcassets */ = {isa = PBXFileReference; lastKnownFileType = folder.assetcatalog; path = Assets.xcassets; sourceTree = "<group>"; };
		8E484FFD23CD31800085B553 /* Base */ = {isa = PBXFileReference; lastKnownFileType = file.storyboard; name = Base; path = Base.lproj/LaunchScreen.storyboard; sourceTree = "<group>"; };
		8E484FFF23CD31800085B553 /* Info.plist */ = {isa = PBXFileReference; lastKnownFileType = text.plist.xml; path = Info.plist; sourceTree = "<group>"; };
		8ECD9E0423CD6AF200DB7FB6 /* TransitionModel.swift */ = {isa = PBXFileReference; lastKnownFileType = sourcecode.swift; path = TransitionModel.swift; sourceTree = "<group>"; };
		8ECD9E0623CD6B3C00DB7FB6 /* Scene.swift */ = {isa = PBXFileReference; lastKnownFileType = sourcecode.swift; path = Scene.swift; sourceTree = "<group>"; };
		8ECD9E0823CD6D7B00DB7FB6 /* SceneCoordinatorType.swift */ = {isa = PBXFileReference; lastKnownFileType = sourcecode.swift; path = SceneCoordinatorType.swift; sourceTree = "<group>"; };
		8ECD9E0A23CD6E1000DB7FB6 /* SceneCoordinator.swift */ = {isa = PBXFileReference; lastKnownFileType = sourcecode.swift; path = SceneCoordinator.swift; sourceTree = "<group>"; };
		8ECD9E0C23CF5AC300DB7FB6 /* CommonViewModel.swift */ = {isa = PBXFileReference; lastKnownFileType = sourcecode.swift; path = CommonViewModel.swift; sourceTree = "<group>"; };
		8EE2C9C4240A314A006C502F /* CoreDataStorage.swift */ = {isa = PBXFileReference; lastKnownFileType = sourcecode.swift; path = CoreDataStorage.swift; sourceTree = "<group>"; };
/* End PBXFileReference section */

/* Begin PBXFrameworksBuildPhase section */
		8E484FE823CD317D0085B553 /* Frameworks */ = {
			isa = PBXFrameworksBuildPhase;
			buildActionMask = 2147483647;
			files = (
				071964636E702056F94112B6 /* Pods_RxMemo.framework in Frameworks */,
			);
			runOnlyForDeploymentPostprocessing = 0;
		};
/* End PBXFrameworksBuildPhase section */

/* Begin PBXGroup section */
		21530EB366F05C918B97A0E0 /* Frameworks */ = {
			isa = PBXGroup;
			children = (
				651E0F5A22BB9812B2039F41 /* Pods_RxMemo.framework */,
			);
			name = Frameworks;
			sourceTree = "<group>";
		};
		8E3CC5ED23CD333200990356 /* Model */ = {
			isa = PBXGroup;
			children = (
				8E3CC5F223CD348400990356 /* Memo.swift */,
			);
			path = Model;
			sourceTree = "<group>";
		};
		8E3CC5EE23CD335000990356 /* VC */ = {
			isa = PBXGroup;
			children = (
				8E484FF423CD317D0085B553 /* Main.storyboard */,
				8E484FFC23CD31800085B553 /* LaunchScreen.storyboard */,
				8E3CC5FA23CD3B2400990356 /* MemoListViewController.swift */,
				8E3CC5FC23CD3B6B00990356 /* MemoDetailViewController.swift */,
				8E3CC5FE23CD3B8F00990356 /* MemoComposeViewController.swift */,
				8E3CC60623CD3C8100990356 /* ViewModelBindableType.swift */,
			);
			path = VC;
			sourceTree = "<group>";
		};
		8E3CC5EF23CD335900990356 /* ViewModel */ = {
			isa = PBXGroup;
			children = (
				8E3CC60023CD3BF500990356 /* MemoListViewModel.swift */,
				8ECD9E0C23CF5AC300DB7FB6 /* CommonViewModel.swift */,
				8E3CC60223CD3C1D00990356 /* MemoDetailViewModel.swift */,
				8E3CC60423CD3C4400990356 /* MemoComposeViewModel.swift */,
			);
			path = ViewModel;
			sourceTree = "<group>";
		};
		8E3CC5F023CD336D00990356 /* Service */ = {
			isa = PBXGroup;
			children = (
				8E3CC5F723CD365F00990356 /* CoreDataStorage */,
				8E3CC5F623CD364D00990356 /* MemoStorage */,
			);
			path = Service;
			sourceTree = "<group>";
		};
		8E3CC5F123CD338200990356 /* Scene */ = {
			isa = PBXGroup;
			children = (
				8ECD9E0423CD6AF200DB7FB6 /* TransitionModel.swift */,
				8ECD9E0623CD6B3C00DB7FB6 /* Scene.swift */,
				8ECD9E0A23CD6E1000DB7FB6 /* SceneCoordinator.swift */,
				8ECD9E0823CD6D7B00DB7FB6 /* SceneCoordinatorType.swift */,
			);
			path = Scene;
			sourceTree = "<group>";
		};
		8E3CC5F623CD364D00990356 /* MemoStorage */ = {
			isa = PBXGroup;
			children = (
				8E3CC5F423CD35B400990356 /* MemoStorage.swift */,
				8E3CC5F823CD368800990356 /* MemoryStorage.swift */,
			);
			path = MemoStorage;
			sourceTree = "<group>";
		};
		8E3CC5F723CD365F00990356 /* CoreDataStorage */ = {
			isa = PBXGroup;
			children = (
				8E484FF723CD317D0085B553 /* RxMemo.xcdatamodeld */,
				8EE2C9C4240A314A006C502F /* CoreDataStorage.swift */,
			);
			path = CoreDataStorage;
			sourceTree = "<group>";
		};
		8E484FE223CD317D0085B553 = {
			isa = PBXGroup;
			children = (
				8E484FED23CD317D0085B553 /* RxMemo */,
				8E484FEC23CD317D0085B553 /* Products */,
				D52D3DFF5A6A1CF787F8D1CE /* Pods */,
				21530EB366F05C918B97A0E0 /* Frameworks */,
			);
			sourceTree = "<group>";
		};
		8E484FEC23CD317D0085B553 /* Products */ = {
			isa = PBXGroup;
			children = (
				8E484FEB23CD317D0085B553 /* RxMemo.app */,
			);
			name = Products;
			sourceTree = "<group>";
		};
		8E484FED23CD317D0085B553 /* RxMemo */ = {
			isa = PBXGroup;
			children = (
				8E3CC5F123CD338200990356 /* Scene */,
				8E3CC5F023CD336D00990356 /* Service */,
				8E3CC5EF23CD335900990356 /* ViewModel */,
				8E3CC5EE23CD335000990356 /* VC */,
				8E3CC5ED23CD333200990356 /* Model */,
				8E484FEE23CD317D0085B553 /* AppDelegate.swift */,
				8E484FF023CD317D0085B553 /* SceneDelegate.swift */,
				8E484FFA23CD31800085B553 /* Assets.xcassets */,
				8E484FFF23CD31800085B553 /* Info.plist */,
			);
			path = RxMemo;
			sourceTree = "<group>";
		};
		D52D3DFF5A6A1CF787F8D1CE /* Pods */ = {
			isa = PBXGroup;
			children = (
				85490727DA1E98400B52CE01 /* Pods-RxMemo.debug.xcconfig */,
				35FCC3AC784DB0506D25BB6E /* Pods-RxMemo.release.xcconfig */,
			);
			path = Pods;
			sourceTree = "<group>";
		};
/* End PBXGroup section */

/* Begin PBXNativeTarget section */
		8E484FEA23CD317D0085B553 /* RxMemo */ = {
			isa = PBXNativeTarget;
			buildConfigurationList = 8E48500223CD31800085B553 /* Build configuration list for PBXNativeTarget "RxMemo" */;
			buildPhases = (
				3CAA7ED09391416C6BE7D214 /* [CP] Check Pods Manifest.lock */,
				8E484FE723CD317D0085B553 /* Sources */,
				8E484FE823CD317D0085B553 /* Frameworks */,
				8E484FE923CD317D0085B553 /* Resources */,
				6C78E216A0DADB9952A86A7D /* [CP] Embed Pods Frameworks */,
			);
			buildRules = (
			);
			dependencies = (
			);
			name = RxMemo;
			productName = RxMemo;
			productReference = 8E484FEB23CD317D0085B553 /* RxMemo.app */;
			productType = "com.apple.product-type.application";
		};
/* End PBXNativeTarget section */

/* Begin PBXProject section */
		8E484FE323CD317D0085B553 /* Project object */ = {
			isa = PBXProject;
			attributes = {
				LastSwiftUpdateCheck = 1130;
				LastUpgradeCheck = 1130;
				ORGANIZATIONNAME = "sangwook park";
				TargetAttributes = {
					8E484FEA23CD317D0085B553 = {
						CreatedOnToolsVersion = 11.3;
					};
				};
			};
			buildConfigurationList = 8E484FE623CD317D0085B553 /* Build configuration list for PBXProject "RxMemo" */;
			compatibilityVersion = "Xcode 9.3";
			developmentRegion = en;
			hasScannedForEncodings = 0;
			knownRegions = (
				en,
				Base,
			);
			mainGroup = 8E484FE223CD317D0085B553;
			productRefGroup = 8E484FEC23CD317D0085B553 /* Products */;
			projectDirPath = "";
			projectRoot = "";
			targets = (
				8E484FEA23CD317D0085B553 /* RxMemo */,
			);
		};
/* End PBXProject section */

/* Begin PBXResourcesBuildPhase section */
		8E484FE923CD317D0085B553 /* Resources */ = {
			isa = PBXResourcesBuildPhase;
			buildActionMask = 2147483647;
			files = (
				8E484FFE23CD31800085B553 /* LaunchScreen.storyboard in Resources */,
				8E484FFB23CD31800085B553 /* Assets.xcassets in Resources */,
				8E484FF623CD317D0085B553 /* Main.storyboard in Resources */,
			);
			runOnlyForDeploymentPostprocessing = 0;
		};
/* End PBXResourcesBuildPhase section */

/* Begin PBXShellScriptBuildPhase section */
		3CAA7ED09391416C6BE7D214 /* [CP] Check Pods Manifest.lock */ = {
			isa = PBXShellScriptBuildPhase;
			buildActionMask = 2147483647;
			files = (
			);
			inputFileListPaths = (
			);
			inputPaths = (
				"${PODS_PODFILE_DIR_PATH}/Podfile.lock",
				"${PODS_ROOT}/Manifest.lock",
			);
			name = "[CP] Check Pods Manifest.lock";
			outputFileListPaths = (
			);
			outputPaths = (
				"$(DERIVED_FILE_DIR)/Pods-RxMemo-checkManifestLockResult.txt",
			);
			runOnlyForDeploymentPostprocessing = 0;
			shellPath = /bin/sh;
			shellScript = "diff \"${PODS_PODFILE_DIR_PATH}/Podfile.lock\" \"${PODS_ROOT}/Manifest.lock\" > /dev/null\nif [ $? != 0 ] ; then\n    # print error to STDERR\n    echo \"error: The sandbox is not in sync with the Podfile.lock. Run 'pod install' or update your CocoaPods installation.\" >&2\n    exit 1\nfi\n# This output is used by Xcode 'outputs' to avoid re-running this script phase.\necho \"SUCCESS\" > \"${SCRIPT_OUTPUT_FILE_0}\"\n";
			showEnvVarsInLog = 0;
		};
		6C78E216A0DADB9952A86A7D /* [CP] Embed Pods Frameworks */ = {
			isa = PBXShellScriptBuildPhase;
			buildActionMask = 2147483647;
			files = (
			);
			inputFileListPaths = (
				"${PODS_ROOT}/Target Support Files/Pods-RxMemo/Pods-RxMemo-frameworks-${CONFIGURATION}-input-files.xcfilelist",
			);
			name = "[CP] Embed Pods Frameworks";
			outputFileListPaths = (
				"${PODS_ROOT}/Target Support Files/Pods-RxMemo/Pods-RxMemo-frameworks-${CONFIGURATION}-output-files.xcfilelist",
			);
			runOnlyForDeploymentPostprocessing = 0;
			shellPath = /bin/sh;
			shellScript = "\"${PODS_ROOT}/Target Support Files/Pods-RxMemo/Pods-RxMemo-frameworks.sh\"\n";
			showEnvVarsInLog = 0;
		};
/* End PBXShellScriptBuildPhase section */

/* Begin PBXSourcesBuildPhase section */
		8E484FE723CD317D0085B553 /* Sources */ = {
			isa = PBXSourcesBuildPhase;
			buildActionMask = 2147483647;
			files = (
				8E3CC5F923CD368800990356 /* MemoryStorage.swift in Sources */,
				8EE2C9C5240A314A006C502F /* CoreDataStorage.swift in Sources */,
				8E3CC60523CD3C4400990356 /* MemoComposeViewModel.swift in Sources */,
				8ECD9E0723CD6B3C00DB7FB6 /* Scene.swift in Sources */,
				8E3CC5FD23CD3B6B00990356 /* MemoDetailViewController.swift in Sources */,
				8E3CC60723CD3C8100990356 /* ViewModelBindableType.swift in Sources */,
				8ECD9E0B23CD6E1000DB7FB6 /* SceneCoordinator.swift in Sources */,
				8E484FEF23CD317D0085B553 /* AppDelegate.swift in Sources */,
				8E3CC5F523CD35B400990356 /* MemoStorage.swift in Sources */,
				8E484FF123CD317D0085B553 /* SceneDelegate.swift in Sources */,
				8E484FF923CD317D0085B553 /* RxMemo.xcdatamodeld in Sources */,
				8ECD9E0923CD6D7B00DB7FB6 /* SceneCoordinatorType.swift in Sources */,
				8E3CC60123CD3BF500990356 /* MemoListViewModel.swift in Sources */,
				8E3CC60323CD3C1D00990356 /* MemoDetailViewModel.swift in Sources */,
				8ECD9E0D23CF5AC300DB7FB6 /* CommonViewModel.swift in Sources */,
				8ECD9E0523CD6AF200DB7FB6 /* TransitionModel.swift in Sources */,
				8E3CC5FB23CD3B2400990356 /* MemoListViewController.swift in Sources */,
				8E3CC5FF23CD3B8F00990356 /* MemoComposeViewController.swift in Sources */,
				8E3CC5F323CD348400990356 /* Memo.swift in Sources */,
			);
			runOnlyForDeploymentPostprocessing = 0;
		};
/* End PBXSourcesBuildPhase section */

/* Begin PBXVariantGroup section */
		8E484FF423CD317D0085B553 /* Main.storyboard */ = {
			isa = PBXVariantGroup;
			children = (
				8E484FF523CD317D0085B553 /* Base */,
			);
			name = Main.storyboard;
			sourceTree = "<group>";
		};
		8E484FFC23CD31800085B553 /* LaunchScreen.storyboard */ = {
			isa = PBXVariantGroup;
			children = (
				8E484FFD23CD31800085B553 /* Base */,
			);
			name = LaunchScreen.storyboard;
			sourceTree = "<group>";
		};
/* End PBXVariantGroup section */

/* Begin XCBuildConfiguration section */
		8E48500023CD31800085B553 /* Debug */ = {
			isa = XCBuildConfiguration;
			buildSettings = {
				ALWAYS_SEARCH_USER_PATHS = NO;
				CLANG_ANALYZER_NONNULL = YES;
				CLANG_ANALYZER_NUMBER_OBJECT_CONVERSION = YES_AGGRESSIVE;
				CLANG_CXX_LANGUAGE_STANDARD = "gnu++14";
				CLANG_CXX_LIBRARY = "libc++";
				CLANG_ENABLE_MODULES = YES;
				CLANG_ENABLE_OBJC_ARC = YES;
				CLANG_ENABLE_OBJC_WEAK = YES;
				CLANG_WARN_BLOCK_CAPTURE_AUTORELEASING = YES;
				CLANG_WARN_BOOL_CONVERSION = YES;
				CLANG_WARN_COMMA = YES;
				CLANG_WARN_CONSTANT_CONVERSION = YES;
				CLANG_WARN_DEPRECATED_OBJC_IMPLEMENTATIONS = YES;
				CLANG_WARN_DIRECT_OBJC_ISA_USAGE = YES_ERROR;
				CLANG_WARN_DOCUMENTATION_COMMENTS = YES;
				CLANG_WARN_EMPTY_BODY = YES;
				CLANG_WARN_ENUM_CONVERSION = YES;
				CLANG_WARN_INFINITE_RECURSION = YES;
				CLANG_WARN_INT_CONVERSION = YES;
				CLANG_WARN_NON_LITERAL_NULL_CONVERSION = YES;
				CLANG_WARN_OBJC_IMPLICIT_RETAIN_SELF = YES;
				CLANG_WARN_OBJC_LITERAL_CONVERSION = YES;
				CLANG_WARN_OBJC_ROOT_CLASS = YES_ERROR;
				CLANG_WARN_RANGE_LOOP_ANALYSIS = YES;
				CLANG_WARN_STRICT_PROTOTYPES = YES;
				CLANG_WARN_SUSPICIOUS_MOVE = YES;
				CLANG_WARN_UNGUARDED_AVAILABILITY = YES_AGGRESSIVE;
				CLANG_WARN_UNREACHABLE_CODE = YES;
				CLANG_WARN__DUPLICATE_METHOD_MATCH = YES;
				COPY_PHASE_STRIP = NO;
				DEBUG_INFORMATION_FORMAT = dwarf;
				ENABLE_STRICT_OBJC_MSGSEND = YES;
				ENABLE_TESTABILITY = YES;
				GCC_C_LANGUAGE_STANDARD = gnu11;
				GCC_DYNAMIC_NO_PIC = NO;
				GCC_NO_COMMON_BLOCKS = YES;
				GCC_OPTIMIZATION_LEVEL = 0;
				GCC_PREPROCESSOR_DEFINITIONS = (
					"DEBUG=1",
					"$(inherited)",
				);
				GCC_WARN_64_TO_32_BIT_CONVERSION = YES;
				GCC_WARN_ABOUT_RETURN_TYPE = YES_ERROR;
				GCC_WARN_UNDECLARED_SELECTOR = YES;
				GCC_WARN_UNINITIALIZED_AUTOS = YES_AGGRESSIVE;
				GCC_WARN_UNUSED_FUNCTION = YES;
				GCC_WARN_UNUSED_VARIABLE = YES;
				IPHONEOS_DEPLOYMENT_TARGET = 10.0;
				MTL_ENABLE_DEBUG_INFO = INCLUDE_SOURCE;
				MTL_FAST_MATH = YES;
				ONLY_ACTIVE_ARCH = YES;
				SDKROOT = iphoneos;
				SWIFT_ACTIVE_COMPILATION_CONDITIONS = DEBUG;
				SWIFT_OPTIMIZATION_LEVEL = "-Onone";
			};
			name = Debug;
		};
		8E48500123CD31800085B553 /* Release */ = {
			isa = XCBuildConfiguration;
			buildSettings = {
				ALWAYS_SEARCH_USER_PATHS = NO;
				CLANG_ANALYZER_NONNULL = YES;
				CLANG_ANALYZER_NUMBER_OBJECT_CONVERSION = YES_AGGRESSIVE;
				CLANG_CXX_LANGUAGE_STANDARD = "gnu++14";
				CLANG_CXX_LIBRARY = "libc++";
				CLANG_ENABLE_MODULES = YES;
				CLANG_ENABLE_OBJC_ARC = YES;
				CLANG_ENABLE_OBJC_WEAK = YES;
				CLANG_WARN_BLOCK_CAPTURE_AUTORELEASING = YES;
				CLANG_WARN_BOOL_CONVERSION = YES;
				CLANG_WARN_COMMA = YES;
				CLANG_WARN_CONSTANT_CONVERSION = YES;
				CLANG_WARN_DEPRECATED_OBJC_IMPLEMENTATIONS = YES;
				CLANG_WARN_DIRECT_OBJC_ISA_USAGE = YES_ERROR;
				CLANG_WARN_DOCUMENTATION_COMMENTS = YES;
				CLANG_WARN_EMPTY_BODY = YES;
				CLANG_WARN_ENUM_CONVERSION = YES;
				CLANG_WARN_INFINITE_RECURSION = YES;
				CLANG_WARN_INT_CONVERSION = YES;
				CLANG_WARN_NON_LITERAL_NULL_CONVERSION = YES;
				CLANG_WARN_OBJC_IMPLICIT_RETAIN_SELF = YES;
				CLANG_WARN_OBJC_LITERAL_CONVERSION = YES;
				CLANG_WARN_OBJC_ROOT_CLASS = YES_ERROR;
				CLANG_WARN_RANGE_LOOP_ANALYSIS = YES;
				CLANG_WARN_STRICT_PROTOTYPES = YES;
				CLANG_WARN_SUSPICIOUS_MOVE = YES;
				CLANG_WARN_UNGUARDED_AVAILABILITY = YES_AGGRESSIVE;
				CLANG_WARN_UNREACHABLE_CODE = YES;
				CLANG_WARN__DUPLICATE_METHOD_MATCH = YES;
				COPY_PHASE_STRIP = NO;
				DEBUG_INFORMATION_FORMAT = "dwarf-with-dsym";
				ENABLE_NS_ASSERTIONS = NO;
				ENABLE_STRICT_OBJC_MSGSEND = YES;
				GCC_C_LANGUAGE_STANDARD = gnu11;
				GCC_NO_COMMON_BLOCKS = YES;
				GCC_WARN_64_TO_32_BIT_CONVERSION = YES;
				GCC_WARN_ABOUT_RETURN_TYPE = YES_ERROR;
				GCC_WARN_UNDECLARED_SELECTOR = YES;
				GCC_WARN_UNINITIALIZED_AUTOS = YES_AGGRESSIVE;
				GCC_WARN_UNUSED_FUNCTION = YES;
				GCC_WARN_UNUSED_VARIABLE = YES;
				IPHONEOS_DEPLOYMENT_TARGET = 10.0;
				MTL_ENABLE_DEBUG_INFO = NO;
				MTL_FAST_MATH = YES;
				SDKROOT = iphoneos;
				SWIFT_COMPILATION_MODE = wholemodule;
				SWIFT_OPTIMIZATION_LEVEL = "-O";
				VALIDATE_PRODUCT = YES;
			};
			name = Release;
		};
		8E48500323CD31800085B553 /* Debug */ = {
			isa = XCBuildConfiguration;
			baseConfigurationReference = 85490727DA1E98400B52CE01 /* Pods-RxMemo.debug.xcconfig */;
			buildSettings = {
				ASSETCATALOG_COMPILER_APPICON_NAME = AppIcon;
				CODE_SIGN_STYLE = Automatic;
				DEVELOPMENT_TEAM = 3ZS2532XM8;
				INFOPLIST_FILE = RxMemo/Info.plist;
				LD_RUNPATH_SEARCH_PATHS = (
					"$(inherited)",
					"@executable_path/Frameworks",
				);
				PRODUCT_BUNDLE_IDENTIFIER = com.RxMemo;
				PRODUCT_NAME = "$(TARGET_NAME)";
				SWIFT_VERSION = 5.0;
				TARGETED_DEVICE_FAMILY = "1,2";
			};
			name = Debug;
		};
		8E48500423CD31800085B553 /* Release */ = {
			isa = XCBuildConfiguration;
			baseConfigurationReference = 35FCC3AC784DB0506D25BB6E /* Pods-RxMemo.release.xcconfig */;
			buildSettings = {
				ASSETCATALOG_COMPILER_APPICON_NAME = AppIcon;
				CODE_SIGN_STYLE = Automatic;
				DEVELOPMENT_TEAM = 3ZS2532XM8;
				INFOPLIST_FILE = RxMemo/Info.plist;
				LD_RUNPATH_SEARCH_PATHS = (
					"$(inherited)",
					"@executable_path/Frameworks",
				);
				PRODUCT_BUNDLE_IDENTIFIER = com.RxMemo;
				PRODUCT_NAME = "$(TARGET_NAME)";
				SWIFT_VERSION = 5.0;
				TARGETED_DEVICE_FAMILY = "1,2";
			};
			name = Release;
		};
/* End XCBuildConfiguration section */

/* Begin XCConfigurationList section */
		8E484FE623CD317D0085B553 /* Build configuration list for PBXProject "RxMemo" */ = {
			isa = XCConfigurationList;
			buildConfigurations = (
				8E48500023CD31800085B553 /* Debug */,
				8E48500123CD31800085B553 /* Release */,
			);
			defaultConfigurationIsVisible = 0;
			defaultConfigurationName = Release;
		};
		8E48500223CD31800085B553 /* Build configuration list for PBXNativeTarget "RxMemo" */ = {
			isa = XCConfigurationList;
			buildConfigurations = (
				8E48500323CD31800085B553 /* Debug */,
				8E48500423CD31800085B553 /* Release */,
			);
			defaultConfigurationIsVisible = 0;
			defaultConfigurationName = Release;
		};
/* End XCConfigurationList section */

/* Begin XCVersionGroup section */
		8E484FF723CD317D0085B553 /* RxMemo.xcdatamodeld */ = {
			isa = XCVersionGroup;
			children = (
				8E484FF823CD317D0085B553 /* RxMemo.xcdatamodel */,
			);
			currentVersion = 8E484FF823CD317D0085B553 /* RxMemo.xcdatamodel */;
			path = RxMemo.xcdatamodeld;
			sourceTree = "<group>";
			versionGroupType = wrapper.xcdatamodel;
		};
/* End XCVersionGroup section */
	};
	rootObject = 8E484FE323CD317D0085B553 /* Project object */;
}
