// !$*UTF8*$!
{
	archiveVersion = 1;
	classes = {
	};
	objectVersion = 48;
	objects = {

/* Begin PBXBuildFile section */
		8E1818272023F3050046D731 /* AppDelegate.swift in Sources */ = {isa = PBXBuildFile; fileRef = 8E1818262023F3050046D731 /* AppDelegate.swift */; };
		8E1818292023F3050046D731 /* ViewController.swift in Sources */ = {isa = PBXBuildFile; fileRef = 8E1818282023F3050046D731 /* ViewController.swift */; };
		8E18182C2023F3050046D731 /* Main.storyboard in Resources */ = {isa = PBXBuildFile; fileRef = 8E18182A2023F3050046D731 /* Main.storyboard */; };
		8E18182E2023F3050046D731 /* Assets.xcassets in Resources */ = {isa = PBXBuildFile; fileRef = 8E18182D2023F3050046D731 /* Assets.xcassets */; };
		8E1818312023F3050046D731 /* LaunchScreen.storyboard in Resources */ = {isa = PBXBuildFile; fileRef = 8E18182F2023F3050046D731 /* LaunchScreen.storyboard */; };
		8E18183C2023FB7C0046D731 /* NanumBarunGothicBold.otf in Resources */ = {isa = PBXBuildFile; fileRef = 8E1818382023FB7C0046D731 /* NanumBarunGothicBold.otf */; };
		8E18183D2023FB7C0046D731 /* NanumBarunGothicLight.otf in Resources */ = {isa = PBXBuildFile; fileRef = 8E1818392023FB7C0046D731 /* NanumBarunGothicLight.otf */; };
		8E18183E2023FB7C0046D731 /* NanumBarunGothicUltraLight.otf in Resources */ = {isa = PBXBuildFile; fileRef = 8E18183A2023FB7C0046D731 /* NanumBarunGothicUltraLight.otf */; };
		8E18183F2023FB7C0046D731 /* NanumBarunpenBold.otf in Resources */ = {isa = PBXBuildFile; fileRef = 8E18183B2023FB7C0046D731 /* NanumBarunpenBold.otf */; };
		8E18184120240BAF0046D731 /* MyCustomView.swift in Sources */ = {isa = PBXBuildFile; fileRef = 8E18184020240BAF0046D731 /* MyCustomView.swift */; };
		8E181843202435560046D731 /* AppleLogo.png in Resources */ = {isa = PBXBuildFile; fileRef = 8E181842202435560046D731 /* AppleLogo.png */; };
		8E181845202449560046D731 /* Logo.jpeg in Resources */ = {isa = PBXBuildFile; fileRef = 8E181844202449560046D731 /* Logo.jpeg */; };
/* End PBXBuildFile section */

/* Begin PBXFileReference section */
		8E1818232023F3050046D731 /* UITest2.app */ = {isa = PBXFileReference; explicitFileType = wrapper.application; includeInIndex = 0; path = UITest2.app; sourceTree = BUILT_PRODUCTS_DIR; };
		8E1818262023F3050046D731 /* AppDelegate.swift */ = {isa = PBXFileReference; lastKnownFileType = sourcecode.swift; path = AppDelegate.swift; sourceTree = "<group>"; };
		8E1818282023F3050046D731 /* ViewController.swift */ = {isa = PBXFileReference; lastKnownFileType = sourcecode.swift; path = ViewController.swift; sourceTree = "<group>"; };
		8E18182B2023F3050046D731 /* Base */ = {isa = PBXFileReference; lastKnownFileType = file.storyboard; name = Base; path = Base.lproj/Main.storyboard; sourceTree = "<group>"; };
		8E18182D2023F3050046D731 /* Assets.xcassets */ = {isa = PBXFileReference; lastKnownFileType = folder.assetcatalog; path = Assets.xcassets; sourceTree = "<group>"; };
		8E1818302023F3050046D731 /* Base */ = {isa = PBXFileReference; lastKnownFileType = file.storyboard; name = Base; path = Base.lproj/LaunchScreen.storyboard; sourceTree = "<group>"; };
		8E1818322023F3050046D731 /* info.plist */ = {isa = PBXFileReference; lastKnownFileType = text.plist.xml; path = info.plist; sourceTree = "<group>"; };
		8E1818382023FB7C0046D731 /* NanumBarunGothicBold.otf */ = {isa = PBXFileReference; lastKnownFileType = file; path = NanumBarunGothicBold.otf; sourceTree = "<group>"; };
		8E1818392023FB7C0046D731 /* NanumBarunGothicLight.otf */ = {isa = PBXFileReference; lastKnownFileType = file; path = NanumBarunGothicLight.otf; sourceTree = "<group>"; };
		8E18183A2023FB7C0046D731 /* NanumBarunGothicUltraLight.otf */ = {isa = PBXFileReference; lastKnownFileType = file; path = NanumBarunGothicUltraLight.otf; sourceTree = "<group>"; };
		8E18183B2023FB7C0046D731 /* NanumBarunpenBold.otf */ = {isa = PBXFileReference; lastKnownFileType = file; path = NanumBarunpenBold.otf; sourceTree = "<group>"; };
		8E18184020240BAF0046D731 /* MyCustomView.swift */ = {isa = PBXFileReference; lastKnownFileType = sourcecode.swift; path = MyCustomView.swift; sourceTree = "<group>"; };
		8E181842202435560046D731 /* AppleLogo.png */ = {isa = PBXFileReference; lastKnownFileType = image.png; path = AppleLogo.png; sourceTree = "<group>"; };
		8E181844202449560046D731 /* Logo.jpeg */ = {isa = PBXFileReference; lastKnownFileType = image.jpeg; path = Logo.jpeg; sourceTree = "<group>"; };
/* End PBXFileReference section */

/* Begin PBXFrameworksBuildPhase section */
		8E1818202023F3050046D731 /* Frameworks */ = {
			isa = PBXFrameworksBuildPhase;
			buildActionMask = 2147483647;
			files = (
			);
			runOnlyForDeploymentPostprocessing = 0;
		};
/* End PBXFrameworksBuildPhase section */

/* Begin PBXGroup section */
		8E18181A2023F3050046D731 = {
			isa = PBXGroup;
			children = (
				8E1818252023F3050046D731 /* UITest2 */,
				8E1818242023F3050046D731 /* Products */,
			);
			sourceTree = "<group>";
		};
		8E1818242023F3050046D731 /* Products */ = {
			isa = PBXGroup;
			children = (
				8E1818232023F3050046D731 /* UITest2.app */,
			);
			name = Products;
			sourceTree = "<group>";
		};
		8E1818252023F3050046D731 /* UITest2 */ = {
			isa = PBXGroup;
			children = (
				8E1818262023F3050046D731 /* AppDelegate.swift */,
				8E1818282023F3050046D731 /* ViewController.swift */,
				8E18184020240BAF0046D731 /* MyCustomView.swift */,
				8E181842202435560046D731 /* AppleLogo.png */,
				8E181844202449560046D731 /* Logo.jpeg */,
				8E1818382023FB7C0046D731 /* NanumBarunGothicBold.otf */,
				8E1818392023FB7C0046D731 /* NanumBarunGothicLight.otf */,
				8E18183A2023FB7C0046D731 /* NanumBarunGothicUltraLight.otf */,
				8E18183B2023FB7C0046D731 /* NanumBarunpenBold.otf */,
				8E18182A2023F3050046D731 /* Main.storyboard */,
				8E18182D2023F3050046D731 /* Assets.xcassets */,
				8E18182F2023F3050046D731 /* LaunchScreen.storyboard */,
				8E1818322023F3050046D731 /* info.plist */,
			);
			path = UITest2;
			sourceTree = "<group>";
		};
/* End PBXGroup section */

/* Begin PBXNativeTarget section */
		8E1818222023F3050046D731 /* UITest2 */ = {
			isa = PBXNativeTarget;
			buildConfigurationList = 8E1818352023F3050046D731 /* Build configuration list for PBXNativeTarget "UITest2" */;
			buildPhases = (
				8E18181F2023F3050046D731 /* Sources */,
				8E1818202023F3050046D731 /* Frameworks */,
				8E1818212023F3050046D731 /* Resources */,
			);
			buildRules = (
			);
			dependencies = (
			);
			name = UITest2;
			productName = UITest2;
			productReference = 8E1818232023F3050046D731 /* UITest2.app */;
			productType = "com.apple.product-type.application";
		};
/* End PBXNativeTarget section */

/* Begin PBXProject section */
		8E18181B2023F3050046D731 /* Project object */ = {
			isa = PBXProject;
			attributes = {
				LastSwiftUpdateCheck = 0920;
				LastUpgradeCheck = 0920;
				ORGANIZATIONNAME = "sangwook park";
				TargetAttributes = {
					8E1818222023F3050046D731 = {
						CreatedOnToolsVersion = 9.2;
						ProvisioningStyle = Automatic;
					};
				};
			};
			buildConfigurationList = 8E18181E2023F3050046D731 /* Build configuration list for PBXProject "UITest2" */;
			compatibilityVersion = "Xcode 8.0";
			developmentRegion = en;
			hasScannedForEncodings = 0;
			knownRegions = (
				en,
				Base,
			);
			mainGroup = 8E18181A2023F3050046D731;
			productRefGroup = 8E1818242023F3050046D731 /* Products */;
			projectDirPath = "";
			projectRoot = "";
			targets = (
				8E1818222023F3050046D731 /* UITest2 */,
			);
		};
/* End PBXProject section */

/* Begin PBXResourcesBuildPhase section */
		8E1818212023F3050046D731 /* Resources */ = {
			isa = PBXResourcesBuildPhase;
			buildActionMask = 2147483647;
			files = (
				8E1818312023F3050046D731 /* LaunchScreen.storyboard in Resources */,
				8E18183C2023FB7C0046D731 /* NanumBarunGothicBold.otf in Resources */,
				8E181845202449560046D731 /* Logo.jpeg in Resources */,
				8E18183E2023FB7C0046D731 /* NanumBarunGothicUltraLight.otf in Resources */,
				8E181843202435560046D731 /* AppleLogo.png in Resources */,
				8E18182E2023F3050046D731 /* Assets.xcassets in Resources */,
				8E18183F2023FB7C0046D731 /* NanumBarunpenBold.otf in Resources */,
				8E18182C2023F3050046D731 /* Main.storyboard in Resources */,
				8E18183D2023FB7C0046D731 /* NanumBarunGothicLight.otf in Resources */,
			);
			runOnlyForDeploymentPostprocessing = 0;
		};
/* End PBXResourcesBuildPhase section */

/* Begin PBXSourcesBuildPhase section */
		8E18181F2023F3050046D731 /* Sources */ = {
			isa = PBXSourcesBuildPhase;
			buildActionMask = 2147483647;
			files = (
				8E1818292023F3050046D731 /* ViewController.swift in Sources */,
				8E18184120240BAF0046D731 /* MyCustomView.swift in Sources */,
				8E1818272023F3050046D731 /* AppDelegate.swift in Sources */,
			);
			runOnlyForDeploymentPostprocessing = 0;
		};
/* End PBXSourcesBuildPhase section */

/* Begin PBXVariantGroup section */
		8E18182A2023F3050046D731 /* Main.storyboard */ = {
			isa = PBXVariantGroup;
			children = (
				8E18182B2023F3050046D731 /* Base */,
			);
			name = Main.storyboard;
			sourceTree = "<group>";
		};
		8E18182F2023F3050046D731 /* LaunchScreen.storyboard */ = {
			isa = PBXVariantGroup;
			children = (
				8E1818302023F3050046D731 /* Base */,
			);
			name = LaunchScreen.storyboard;
			sourceTree = "<group>";
		};
/* End PBXVariantGroup section */

/* Begin XCBuildConfiguration section */
		8E1818332023F3050046D731 /* Debug */ = {
			isa = XCBuildConfiguration;
			buildSettings = {
				ALWAYS_SEARCH_USER_PATHS = NO;
				CLANG_ANALYZER_NONNULL = YES;
				CLANG_ANALYZER_NUMBER_OBJECT_CONVERSION = YES_AGGRESSIVE;
				CLANG_CXX_LANGUAGE_STANDARD = "gnu++14";
				CLANG_CXX_LIBRARY = "libc++";
				CLANG_ENABLE_MODULES = YES;
				CLANG_ENABLE_OBJC_ARC = YES;
				CLANG_WARN_BLOCK_CAPTURE_AUTORELEASING = YES;
				CLANG_WARN_BOOL_CONVERSION = YES;
				CLANG_WARN_COMMA = YES;
				CLANG_WARN_CONSTANT_CONVERSION = YES;
				CLANG_WARN_DIRECT_OBJC_ISA_USAGE = YES_ERROR;
				CLANG_WARN_DOCUMENTATION_COMMENTS = YES;
				CLANG_WARN_EMPTY_BODY = YES;
				CLANG_WARN_ENUM_CONVERSION = YES;
				CLANG_WARN_INFINITE_RECURSION = YES;
				CLANG_WARN_INT_CONVERSION = YES;
				CLANG_WARN_NON_LITERAL_NULL_CONVERSION = YES;
				CLANG_WARN_OBJC_LITERAL_CONVERSION = YES;
				CLANG_WARN_OBJC_ROOT_CLASS = YES_ERROR;
				CLANG_WARN_RANGE_LOOP_ANALYSIS = YES;
				CLANG_WARN_STRICT_PROTOTYPES = YES;
				CLANG_WARN_SUSPICIOUS_MOVE = YES;
				CLANG_WARN_UNGUARDED_AVAILABILITY = YES_AGGRESSIVE;
				CLANG_WARN_UNREACHABLE_CODE = YES;
				CLANG_WARN__DUPLICATE_METHOD_MATCH = YES;
				CODE_SIGN_IDENTITY = "iPhone Developer";
				COPY_PHASE_STRIP = NO;
				DEBUG_INFORMATION_FORMAT = dwarf;
				ENABLE_STRICT_OBJC_MSGSEND = YES;
				ENABLE_TESTABILITY = YES;
				GCC_C_LANGUAGE_STANDARD = gnu11;
				GCC_DYNAMIC_NO_PIC = NO;
				GCC_NO_COMMON_BLOCKS = YES;
				GCC_OPTIMIZATION_LEVEL = 0;
				GCC_PREPROCESSOR_DEFINITIONS = (
					"DEBUG=1",
					"$(inherited)",
				);
				GCC_WARN_64_TO_32_BIT_CONVERSION = YES;
				GCC_WARN_ABOUT_RETURN_TYPE = YES_ERROR;
				GCC_WARN_UNDECLARED_SELECTOR = YES;
				GCC_WARN_UNINITIALIZED_AUTOS = YES_AGGRESSIVE;
				GCC_WARN_UNUSED_FUNCTION = YES;
				GCC_WARN_UNUSED_VARIABLE = YES;
				IPHONEOS_DEPLOYMENT_TARGET = 11.2;
				MTL_ENABLE_DEBUG_INFO = YES;
				ONLY_ACTIVE_ARCH = YES;
				SDKROOT = iphoneos;
				SWIFT_ACTIVE_COMPILATION_CONDITIONS = DEBUG;
				SWIFT_OPTIMIZATION_LEVEL = "-Onone";
			};
			name = Debug;
		};
		8E1818342023F3050046D731 /* Release */ = {
			isa = XCBuildConfiguration;
			buildSettings = {
				ALWAYS_SEARCH_USER_PATHS = NO;
				CLANG_ANALYZER_NONNULL = YES;
				CLANG_ANALYZER_NUMBER_OBJECT_CONVERSION = YES_AGGRESSIVE;
				CLANG_CXX_LANGUAGE_STANDARD = "gnu++14";
				CLANG_CXX_LIBRARY = "libc++";
				CLANG_ENABLE_MODULES = YES;
				CLANG_ENABLE_OBJC_ARC = YES;
				CLANG_WARN_BLOCK_CAPTURE_AUTORELEASING = YES;
				CLANG_WARN_BOOL_CONVERSION = YES;
				CLANG_WARN_COMMA = YES;
				CLANG_WARN_CONSTANT_CONVERSION = YES;
				CLANG_WARN_DIRECT_OBJC_ISA_USAGE = YES_ERROR;
				CLANG_WARN_DOCUMENTATION_COMMENTS = YES;
				CLANG_WARN_EMPTY_BODY = YES;
				CLANG_WARN_ENUM_CONVERSION = YES;
				CLANG_WARN_INFINITE_RECURSION = YES;
				CLANG_WARN_INT_CONVERSION = YES;
				CLANG_WARN_NON_LITERAL_NULL_CONVERSION = YES;
				CLANG_WARN_OBJC_LITERAL_CONVERSION = YES;
				CLANG_WARN_OBJC_ROOT_CLASS = YES_ERROR;
				CLANG_WARN_RANGE_LOOP_ANALYSIS = YES;
				CLANG_WARN_STRICT_PROTOTYPES = YES;
				CLANG_WARN_SUSPICIOUS_MOVE = YES;
				CLANG_WARN_UNGUARDED_AVAILABILITY = YES_AGGRESSIVE;
				CLANG_WARN_UNREACHABLE_CODE = YES;
				CLANG_WARN__DUPLICATE_METHOD_MATCH = YES;
				CODE_SIGN_IDENTITY = "iPhone Developer";
				COPY_PHASE_STRIP = NO;
				DEBUG_INFORMATION_FORMAT = "dwarf-with-dsym";
				ENABLE_NS_ASSERTIONS = NO;
				ENABLE_STRICT_OBJC_MSGSEND = YES;
				GCC_C_LANGUAGE_STANDARD = gnu11;
				GCC_NO_COMMON_BLOCKS = YES;
				GCC_WARN_64_TO_32_BIT_CONVERSION = YES;
				GCC_WARN_ABOUT_RETURN_TYPE = YES_ERROR;
				GCC_WARN_UNDECLARED_SELECTOR = YES;
				GCC_WARN_UNINITIALIZED_AUTOS = YES_AGGRESSIVE;
				GCC_WARN_UNUSED_FUNCTION = YES;
				GCC_WARN_UNUSED_VARIABLE = YES;
				IPHONEOS_DEPLOYMENT_TARGET = 11.2;
				MTL_ENABLE_DEBUG_INFO = NO;
				SDKROOT = iphoneos;
				SWIFT_OPTIMIZATION_LEVEL = "-Owholemodule";
				VALIDATE_PRODUCT = YES;
			};
			name = Release;
		};
		8E1818362023F3050046D731 /* Debug */ = {
			isa = XCBuildConfiguration;
			buildSettings = {
				ASSETCATALOG_COMPILER_APPICON_NAME = AppIcon;
				CODE_SIGN_STYLE = Automatic;
				INFOPLIST_FILE = UITest2/Info.plist;
				LD_RUNPATH_SEARCH_PATHS = "$(inherited) @executable_path/Frameworks";
				PRODUCT_BUNDLE_IDENTIFIER = com.UITest2;
				PRODUCT_NAME = "$(TARGET_NAME)";
				SWIFT_VERSION = 4.0;
				TARGETED_DEVICE_FAMILY = "1,2";
			};
			name = Debug;
		};
		8E1818372023F3050046D731 /* Release */ = {
			isa = XCBuildConfiguration;
			buildSettings = {
				ASSETCATALOG_COMPILER_APPICON_NAME = AppIcon;
				CODE_SIGN_STYLE = Automatic;
				INFOPLIST_FILE = UITest2/Info.plist;
				LD_RUNPATH_SEARCH_PATHS = "$(inherited) @executable_path/Frameworks";
				PRODUCT_BUNDLE_IDENTIFIER = com.UITest2;
				PRODUCT_NAME = "$(TARGET_NAME)";
				SWIFT_VERSION = 4.0;
				TARGETED_DEVICE_FAMILY = "1,2";
			};
			name = Release;
		};
/* End XCBuildConfiguration section */

/* Begin XCConfigurationList section */
		8E18181E2023F3050046D731 /* Build configuration list for PBXProject "UITest2" */ = {
			isa = XCConfigurationList;
			buildConfigurations = (
				8E1818332023F3050046D731 /* Debug */,
				8E1818342023F3050046D731 /* Release */,
			);
			defaultConfigurationIsVisible = 0;
			defaultConfigurationName = Release;
		};
		8E1818352023F3050046D731 /* Build configuration list for PBXNativeTarget "UITest2" */ = {
			isa = XCConfigurationList;
			buildConfigurations = (
				8E1818362023F3050046D731 /* Debug */,
				8E1818372023F3050046D731 /* Release */,
			);
			defaultConfigurationIsVisible = 0;
			defaultConfigurationName = Release;
		};
/* End XCConfigurationList section */
	};
	rootObject = 8E18181B2023F3050046D731 /* Project object */;
}
