// !$*UTF8*$!
{
	archiveVersion = 1;
	classes = {
	};
	objectVersion = 48;
	objects = {

/* Begin PBXBuildFile section */
		8EA44806202C1AEF00BF197D /* AppDelegate.swift in Sources */ = {isa = PBXBuildFile; fileRef = 8EA44805202C1AEF00BF197D /* AppDelegate.swift */; };
		8EA44808202C1AEF00BF197D /* ViewController.swift in Sources */ = {isa = PBXBuildFile; fileRef = 8EA44807202C1AEF00BF197D /* ViewController.swift */; };
		8EA4480B202C1AEF00BF197D /* Main.storyboard in Resources */ = {isa = PBXBuildFile; fileRef = 8EA44809202C1AEF00BF197D /* Main.storyboard */; };
		8EA4480D202C1AEF00BF197D /* Assets.xcassets in Resources */ = {isa = PBXBuildFile; fileRef = 8EA4480C202C1AEF00BF197D /* Assets.xcassets */; };
		8EA44810202C1AEF00BF197D /* LaunchScreen.storyboard in Resources */ = {isa = PBXBuildFile; fileRef = 8EA4480E202C1AEF00BF197D /* LaunchScreen.storyboard */; };
		8EA4481B202C1DA100BF197D /* NextViewController.swift in Sources */ = {isa = PBXBuildFile; fileRef = 8EA44819202C1DA100BF197D /* NextViewController.swift */; };
		8EA4481C202C1DA100BF197D /* NextViewController.xib in Resources */ = {isa = PBXBuildFile; fileRef = 8EA4481A202C1DA100BF197D /* NextViewController.xib */; };
		8EA4481E202C1EE700BF197D /* NextViewController2.swift in Sources */ = {isa = PBXBuildFile; fileRef = 8EA4481D202C1EE700BF197D /* NextViewController2.swift */; };
		8EA44820202C261200BF197D /* NextViewController3.swift in Sources */ = {isa = PBXBuildFile; fileRef = 8EA4481F202C261200BF197D /* NextViewController3.swift */; };
/* End PBXBuildFile section */

/* Begin PBXFileReference section */
		8EA44802202C1AEF00BF197D /* VCSample2.app */ = {isa = PBXFileReference; explicitFileType = wrapper.application; includeInIndex = 0; path = VCSample2.app; sourceTree = BUILT_PRODUCTS_DIR; };
		8EA44805202C1AEF00BF197D /* AppDelegate.swift */ = {isa = PBXFileReference; lastKnownFileType = sourcecode.swift; path = AppDelegate.swift; sourceTree = "<group>"; };
		8EA44807202C1AEF00BF197D /* ViewController.swift */ = {isa = PBXFileReference; lastKnownFileType = sourcecode.swift; path = ViewController.swift; sourceTree = "<group>"; };
		8EA4480A202C1AEF00BF197D /* Base */ = {isa = PBXFileReference; lastKnownFileType = file.storyboard; name = Base; path = Base.lproj/Main.storyboard; sourceTree = "<group>"; };
		8EA4480C202C1AEF00BF197D /* Assets.xcassets */ = {isa = PBXFileReference; lastKnownFileType = folder.assetcatalog; path = Assets.xcassets; sourceTree = "<group>"; };
		8EA4480F202C1AEF00BF197D /* Base */ = {isa = PBXFileReference; lastKnownFileType = file.storyboard; name = Base; path = Base.lproj/LaunchScreen.storyboard; sourceTree = "<group>"; };
		8EA44811202C1AEF00BF197D /* Info.plist */ = {isa = PBXFileReference; lastKnownFileType = text.plist.xml; path = Info.plist; sourceTree = "<group>"; };
		8EA44819202C1DA100BF197D /* NextViewController.swift */ = {isa = PBXFileReference; lastKnownFileType = sourcecode.swift; path = NextViewController.swift; sourceTree = "<group>"; };
		8EA4481A202C1DA100BF197D /* NextViewController.xib */ = {isa = PBXFileReference; lastKnownFileType = file.xib; path = NextViewController.xib; sourceTree = "<group>"; };
		8EA4481D202C1EE700BF197D /* NextViewController2.swift */ = {isa = PBXFileReference; lastKnownFileType = sourcecode.swift; path = NextViewController2.swift; sourceTree = "<group>"; };
		8EA4481F202C261200BF197D /* NextViewController3.swift */ = {isa = PBXFileReference; lastKnownFileType = sourcecode.swift; path = NextViewController3.swift; sourceTree = "<group>"; };
/* End PBXFileReference section */

/* Begin PBXFrameworksBuildPhase section */
		8EA447FF202C1AEF00BF197D /* Frameworks */ = {
			isa = PBXFrameworksBuildPhase;
			buildActionMask = 2147483647;
			files = (
			);
			runOnlyForDeploymentPostprocessing = 0;
		};
/* End PBXFrameworksBuildPhase section */

/* Begin PBXGroup section */
		8EA447F9202C1AEF00BF197D = {
			isa = PBXGroup;
			children = (
				8EA44804202C1AEF00BF197D /* VCSample2 */,
				8EA44803202C1AEF00BF197D /* Products */,
			);
			sourceTree = "<group>";
		};
		8EA44803202C1AEF00BF197D /* Products */ = {
			isa = PBXGroup;
			children = (
				8EA44802202C1AEF00BF197D /* VCSample2.app */,
			);
			name = Products;
			sourceTree = "<group>";
		};
		8EA44804202C1AEF00BF197D /* VCSample2 */ = {
			isa = PBXGroup;
			children = (
				8EA44805202C1AEF00BF197D /* AppDelegate.swift */,
				8EA44807202C1AEF00BF197D /* ViewController.swift */,
				8EA44819202C1DA100BF197D /* NextViewController.swift */,
				8EA4481A202C1DA100BF197D /* NextViewController.xib */,
				8EA4481D202C1EE700BF197D /* NextViewController2.swift */,
				8EA4481F202C261200BF197D /* NextViewController3.swift */,
				8EA44809202C1AEF00BF197D /* Main.storyboard */,
				8EA4480C202C1AEF00BF197D /* Assets.xcassets */,
				8EA4480E202C1AEF00BF197D /* LaunchScreen.storyboard */,
				8EA44811202C1AEF00BF197D /* Info.plist */,
			);
			path = VCSample2;
			sourceTree = "<group>";
		};
/* End PBXGroup section */

/* Begin PBXNativeTarget section */
		8EA44801202C1AEF00BF197D /* VCSample2 */ = {
			isa = PBXNativeTarget;
			buildConfigurationList = 8EA44814202C1AEF00BF197D /* Build configuration list for PBXNativeTarget "VCSample2" */;
			buildPhases = (
				8EA447FE202C1AEF00BF197D /* Sources */,
				8EA447FF202C1AEF00BF197D /* Frameworks */,
				8EA44800202C1AEF00BF197D /* Resources */,
			);
			buildRules = (
			);
			dependencies = (
			);
			name = VCSample2;
			productName = VCSample2;
			productReference = 8EA44802202C1AEF00BF197D /* VCSample2.app */;
			productType = "com.apple.product-type.application";
		};
/* End PBXNativeTarget section */

/* Begin PBXProject section */
		8EA447FA202C1AEF00BF197D /* Project object */ = {
			isa = PBXProject;
			attributes = {
				LastSwiftUpdateCheck = 0920;
				LastUpgradeCheck = 0920;
				ORGANIZATIONNAME = "sangwook park";
				TargetAttributes = {
					8EA44801202C1AEF00BF197D = {
						CreatedOnToolsVersion = 9.2;
						ProvisioningStyle = Automatic;
					};
				};
			};
			buildConfigurationList = 8EA447FD202C1AEF00BF197D /* Build configuration list for PBXProject "VCSample2" */;
			compatibilityVersion = "Xcode 8.0";
			developmentRegion = en;
			hasScannedForEncodings = 0;
			knownRegions = (
				en,
				Base,
			);
			mainGroup = 8EA447F9202C1AEF00BF197D;
			productRefGroup = 8EA44803202C1AEF00BF197D /* Products */;
			projectDirPath = "";
			projectRoot = "";
			targets = (
				8EA44801202C1AEF00BF197D /* VCSample2 */,
			);
		};
/* End PBXProject section */

/* Begin PBXResourcesBuildPhase section */
		8EA44800202C1AEF00BF197D /* Resources */ = {
			isa = PBXResourcesBuildPhase;
			buildActionMask = 2147483647;
			files = (
				8EA44810202C1AEF00BF197D /* LaunchScreen.storyboard in Resources */,
				8EA4481C202C1DA100BF197D /* NextViewController.xib in Resources */,
				8EA4480D202C1AEF00BF197D /* Assets.xcassets in Resources */,
				8EA4480B202C1AEF00BF197D /* Main.storyboard in Resources */,
			);
			runOnlyForDeploymentPostprocessing = 0;
		};
/* End PBXResourcesBuildPhase section */

/* Begin PBXSourcesBuildPhase section */
		8EA447FE202C1AEF00BF197D /* Sources */ = {
			isa = PBXSourcesBuildPhase;
			buildActionMask = 2147483647;
			files = (
				8EA4481E202C1EE700BF197D /* NextViewController2.swift in Sources */,
				8EA44808202C1AEF00BF197D /* ViewController.swift in Sources */,
				8EA44820202C261200BF197D /* NextViewController3.swift in Sources */,
				8EA4481B202C1DA100BF197D /* NextViewController.swift in Sources */,
				8EA44806202C1AEF00BF197D /* AppDelegate.swift in Sources */,
			);
			runOnlyForDeploymentPostprocessing = 0;
		};
/* End PBXSourcesBuildPhase section */

/* Begin PBXVariantGroup section */
		8EA44809202C1AEF00BF197D /* Main.storyboard */ = {
			isa = PBXVariantGroup;
			children = (
				8EA4480A202C1AEF00BF197D /* Base */,
			);
			name = Main.storyboard;
			sourceTree = "<group>";
		};
		8EA4480E202C1AEF00BF197D /* LaunchScreen.storyboard */ = {
			isa = PBXVariantGroup;
			children = (
				8EA4480F202C1AEF00BF197D /* Base */,
			);
			name = LaunchScreen.storyboard;
			sourceTree = "<group>";
		};
/* End PBXVariantGroup section */

/* Begin XCBuildConfiguration section */
		8EA44812202C1AEF00BF197D /* Debug */ = {
			isa = XCBuildConfiguration;
			buildSettings = {
				ALWAYS_SEARCH_USER_PATHS = NO;
				CLANG_ANALYZER_NONNULL = YES;
				CLANG_ANALYZER_NUMBER_OBJECT_CONVERSION = YES_AGGRESSIVE;
				CLANG_CXX_LANGUAGE_STANDARD = "gnu++14";
				CLANG_CXX_LIBRARY = "libc++";
				CLANG_ENABLE_MODULES = YES;
				CLANG_ENABLE_OBJC_ARC = YES;
				CLANG_WARN_BLOCK_CAPTURE_AUTORELEASING = YES;
				CLANG_WARN_BOOL_CONVERSION = YES;
				CLANG_WARN_COMMA = YES;
				CLANG_WARN_CONSTANT_CONVERSION = YES;
				CLANG_WARN_DIRECT_OBJC_ISA_USAGE = YES_ERROR;
				CLANG_WARN_DOCUMENTATION_COMMENTS = YES;
				CLANG_WARN_EMPTY_BODY = YES;
				CLANG_WARN_ENUM_CONVERSION = YES;
				CLANG_WARN_INFINITE_RECURSION = YES;
				CLANG_WARN_INT_CONVERSION = YES;
				CLANG_WARN_NON_LITERAL_NULL_CONVERSION = YES;
				CLANG_WARN_OBJC_LITERAL_CONVERSION = YES;
				CLANG_WARN_OBJC_ROOT_CLASS = YES_ERROR;
				CLANG_WARN_RANGE_LOOP_ANALYSIS = YES;
				CLANG_WARN_STRICT_PROTOTYPES = YES;
				CLANG_WARN_SUSPICIOUS_MOVE = YES;
				CLANG_WARN_UNGUARDED_AVAILABILITY = YES_AGGRESSIVE;
				CLANG_WARN_UNREACHABLE_CODE = YES;
				CLANG_WARN__DUPLICATE_METHOD_MATCH = YES;
				CODE_SIGN_IDENTITY = "iPhone Developer";
				COPY_PHASE_STRIP = NO;
				DEBUG_INFORMATION_FORMAT = dwarf;
				ENABLE_STRICT_OBJC_MSGSEND = YES;
				ENABLE_TESTABILITY = YES;
				GCC_C_LANGUAGE_STANDARD = gnu11;
				GCC_DYNAMIC_NO_PIC = NO;
				GCC_NO_COMMON_BLOCKS = YES;
				GCC_OPTIMIZATION_LEVEL = 0;
				GCC_PREPROCESSOR_DEFINITIONS = (
					"DEBUG=1",
					"$(inherited)",
				);
				GCC_WARN_64_TO_32_BIT_CONVERSION = YES;
				GCC_WARN_ABOUT_RETURN_TYPE = YES_ERROR;
				GCC_WARN_UNDECLARED_SELECTOR = YES;
				GCC_WARN_UNINITIALIZED_AUTOS = YES_AGGRESSIVE;
				GCC_WARN_UNUSED_FUNCTION = YES;
				GCC_WARN_UNUSED_VARIABLE = YES;
				IPHONEOS_DEPLOYMENT_TARGET = 11.2;
				MTL_ENABLE_DEBUG_INFO = YES;
				ONLY_ACTIVE_ARCH = YES;
				SDKROOT = iphoneos;
				SWIFT_ACTIVE_COMPILATION_CONDITIONS = DEBUG;
				SWIFT_OPTIMIZATION_LEVEL = "-Onone";
			};
			name = Debug;
		};
		8EA44813202C1AEF00BF197D /* Release */ = {
			isa = XCBuildConfiguration;
			buildSettings = {
				ALWAYS_SEARCH_USER_PATHS = NO;
				CLANG_ANALYZER_NONNULL = YES;
				CLANG_ANALYZER_NUMBER_OBJECT_CONVERSION = YES_AGGRESSIVE;
				CLANG_CXX_LANGUAGE_STANDARD = "gnu++14";
				CLANG_CXX_LIBRARY = "libc++";
				CLANG_ENABLE_MODULES = YES;
				CLANG_ENABLE_OBJC_ARC = YES;
				CLANG_WARN_BLOCK_CAPTURE_AUTORELEASING = YES;
				CLANG_WARN_BOOL_CONVERSION = YES;
				CLANG_WARN_COMMA = YES;
				CLANG_WARN_CONSTANT_CONVERSION = YES;
				CLANG_WARN_DIRECT_OBJC_ISA_USAGE = YES_ERROR;
				CLANG_WARN_DOCUMENTATION_COMMENTS = YES;
				CLANG_WARN_EMPTY_BODY = YES;
				CLANG_WARN_ENUM_CONVERSION = YES;
				CLANG_WARN_INFINITE_RECURSION = YES;
				CLANG_WARN_INT_CONVERSION = YES;
				CLANG_WARN_NON_LITERAL_NULL_CONVERSION = YES;
				CLANG_WARN_OBJC_LITERAL_CONVERSION = YES;
				CLANG_WARN_OBJC_ROOT_CLASS = YES_ERROR;
				CLANG_WARN_RANGE_LOOP_ANALYSIS = YES;
				CLANG_WARN_STRICT_PROTOTYPES = YES;
				CLANG_WARN_SUSPICIOUS_MOVE = YES;
				CLANG_WARN_UNGUARDED_AVAILABILITY = YES_AGGRESSIVE;
				CLANG_WARN_UNREACHABLE_CODE = YES;
				CLANG_WARN__DUPLICATE_METHOD_MATCH = YES;
				CODE_SIGN_IDENTITY = "iPhone Developer";
				COPY_PHASE_STRIP = NO;
				DEBUG_INFORMATION_FORMAT = "dwarf-with-dsym";
				ENABLE_NS_ASSERTIONS = NO;
				ENABLE_STRICT_OBJC_MSGSEND = YES;
				GCC_C_LANGUAGE_STANDARD = gnu11;
				GCC_NO_COMMON_BLOCKS = YES;
				GCC_WARN_64_TO_32_BIT_CONVERSION = YES;
				GCC_WARN_ABOUT_RETURN_TYPE = YES_ERROR;
				GCC_WARN_UNDECLARED_SELECTOR = YES;
				GCC_WARN_UNINITIALIZED_AUTOS = YES_AGGRESSIVE;
				GCC_WARN_UNUSED_FUNCTION = YES;
				GCC_WARN_UNUSED_VARIABLE = YES;
				IPHONEOS_DEPLOYMENT_TARGET = 11.2;
				MTL_ENABLE_DEBUG_INFO = NO;
				SDKROOT = iphoneos;
				SWIFT_OPTIMIZATION_LEVEL = "-Owholemodule";
				VALIDATE_PRODUCT = YES;
			};
			name = Release;
		};
		8EA44815202C1AEF00BF197D /* Debug */ = {
			isa = XCBuildConfiguration;
			buildSettings = {
				ASSETCATALOG_COMPILER_APPICON_NAME = AppIcon;
				CODE_SIGN_STYLE = Automatic;
				INFOPLIST_FILE = VCSample2/Info.plist;
				LD_RUNPATH_SEARCH_PATHS = "$(inherited) @executable_path/Frameworks";
				PRODUCT_BUNDLE_IDENTIFIER = com.VCSample2;
				PRODUCT_NAME = "$(TARGET_NAME)";
				SWIFT_VERSION = 4.0;
				TARGETED_DEVICE_FAMILY = "1,2";
			};
			name = Debug;
		};
		8EA44816202C1AEF00BF197D /* Release */ = {
			isa = XCBuildConfiguration;
			buildSettings = {
				ASSETCATALOG_COMPILER_APPICON_NAME = AppIcon;
				CODE_SIGN_STYLE = Automatic;
				INFOPLIST_FILE = VCSample2/Info.plist;
				LD_RUNPATH_SEARCH_PATHS = "$(inherited) @executable_path/Frameworks";
				PRODUCT_BUNDLE_IDENTIFIER = com.VCSample2;
				PRODUCT_NAME = "$(TARGET_NAME)";
				SWIFT_VERSION = 4.0;
				TARGETED_DEVICE_FAMILY = "1,2";
			};
			name = Release;
		};
/* End XCBuildConfiguration section */

/* Begin XCConfigurationList section */
		8EA447FD202C1AEF00BF197D /* Build configuration list for PBXProject "VCSample2" */ = {
			isa = XCConfigurationList;
			buildConfigurations = (
				8EA44812202C1AEF00BF197D /* Debug */,
				8EA44813202C1AEF00BF197D /* Release */,
			);
			defaultConfigurationIsVisible = 0;
			defaultConfigurationName = Release;
		};
		8EA44814202C1AEF00BF197D /* Build configuration list for PBXNativeTarget "VCSample2" */ = {
			isa = XCConfigurationList;
			buildConfigurations = (
				8EA44815202C1AEF00BF197D /* Debug */,
				8EA44816202C1AEF00BF197D /* Release */,
			);
			defaultConfigurationIsVisible = 0;
			defaultConfigurationName = Release;
		};
/* End XCConfigurationList section */
	};
	rootObject = 8EA447FA202C1AEF00BF197D /* Project object */;
}
