// !$*UTF8*$!
{
	archiveVersion = 1;
	classes = {
	};
	objectVersion = 55;
	objects = {

/* Begin PBXBuildFile section */
		2C4A957B27380B8200BCE213 /* AppDelegate.swift in Sources */ = {isa = PBXBuildFile; fileRef = 2C4A957A27380B8200BCE213 /* AppDelegate.swift */; };
		2C4A957D27380B8200BCE213 /* SceneDelegate.swift in Sources */ = {isa = PBXBuildFile; fileRef = 2C4A957C27380B8200BCE213 /* SceneDelegate.swift */; };
		2C4A957F27380B8200BCE213 /* ViewController.swift in Sources */ = {isa = PBXBuildFile; fileRef = 2C4A957E27380B8200BCE213 /* ViewController.swift */; };
		2C4A958227380B8200BCE213 /* Main.storyboard in Resources */ = {isa = PBXBuildFile; fileRef = 2C4A958027380B8200BCE213 /* Main.storyboard */; };
		2C4A958427380B8300BCE213 /* Assets.xcassets in Resources */ = {isa = PBXBuildFile; fileRef = 2C4A958327380B8300BCE213 /* Assets.xcassets */; };
		2C4A958727380B8300BCE213 /* LaunchScreen.storyboard in Resources */ = {isa = PBXBuildFile; fileRef = 2C4A958527380B8300BCE213 /* LaunchScreen.storyboard */; };
		2CCBDB73274A6FDB0085BDBA /* ASPM in Frameworks */ = {isa = PBXBuildFile; productRef = 2CCBDB72274A6FDB0085BDBA /* ASPM */; };
		7A69E5AAEAFA5E2F030CEC56 /* Pods_RoutePath.framework in Frameworks */ = {isa = PBXBuildFile; fileRef = F2D7542E1D90CBFD1D79AF5D /* Pods_RoutePath.framework */; };
/* End PBXBuildFile section */

/* Begin PBXFileReference section */
		1AF17BDEE9C84605C9079734 /* Pods-RoutePath.debug.xcconfig */ = {isa = PBXFileReference; includeInIndex = 1; lastKnownFileType = text.xcconfig; name = "Pods-RoutePath.debug.xcconfig"; path = "Target Support Files/Pods-RoutePath/Pods-RoutePath.debug.xcconfig"; sourceTree = "<group>"; };
		1D8901157C28511BC0ADDF24 /* Pods-RoutePath.release.xcconfig */ = {isa = PBXFileReference; includeInIndex = 1; lastKnownFileType = text.xcconfig; name = "Pods-RoutePath.release.xcconfig"; path = "Target Support Files/Pods-RoutePath/Pods-RoutePath.release.xcconfig"; sourceTree = "<group>"; };
		2C4A957727380B8200BCE213 /* RoutePath.app */ = {isa = PBXFileReference; explicitFileType = wrapper.application; includeInIndex = 0; path = RoutePath.app; sourceTree = BUILT_PRODUCTS_DIR; };
		2C4A957A27380B8200BCE213 /* AppDelegate.swift */ = {isa = PBXFileReference; lastKnownFileType = sourcecode.swift; path = AppDelegate.swift; sourceTree = "<group>"; };
		2C4A957C27380B8200BCE213 /* SceneDelegate.swift */ = {isa = PBXFileReference; lastKnownFileType = sourcecode.swift; path = SceneDelegate.swift; sourceTree = "<group>"; };
		2C4A957E27380B8200BCE213 /* ViewController.swift */ = {isa = PBXFileReference; lastKnownFileType = sourcecode.swift; path = ViewController.swift; sourceTree = "<group>"; };
		2C4A958127380B8200BCE213 /* Base */ = {isa = PBXFileReference; lastKnownFileType = file.storyboard; name = Base; path = Base.lproj/Main.storyboard; sourceTree = "<group>"; };
		2C4A958327380B8300BCE213 /* Assets.xcassets */ = {isa = PBXFileReference; lastKnownFileType = folder.assetcatalog; path = Assets.xcassets; sourceTree = "<group>"; };
		2C4A958627380B8300BCE213 /* Base */ = {isa = PBXFileReference; lastKnownFileType = file.storyboard; name = Base; path = Base.lproj/LaunchScreen.storyboard; sourceTree = "<group>"; };
		2C4A958827380B8300BCE213 /* Info.plist */ = {isa = PBXFileReference; lastKnownFileType = text.plist.xml; path = Info.plist; sourceTree = "<group>"; };
		F2D7542E1D90CBFD1D79AF5D /* Pods_RoutePath.framework */ = {isa = PBXFileReference; explicitFileType = wrapper.framework; includeInIndex = 0; path = Pods_RoutePath.framework; sourceTree = BUILT_PRODUCTS_DIR; };
/* End PBXFileReference section */

/* Begin PBXFrameworksBuildPhase section */
		2C4A957427380B8200BCE213 /* Frameworks */ = {
			isa = PBXFrameworksBuildPhase;
			buildActionMask = 2147483647;
			files = (
				2CCBDB73274A6FDB0085BDBA /* ASPM in Frameworks */,
				7A69E5AAEAFA5E2F030CEC56 /* Pods_RoutePath.framework in Frameworks */,
			);
			runOnlyForDeploymentPostprocessing = 0;
		};
/* End PBXFrameworksBuildPhase section */

/* Begin PBXGroup section */
		0C567B783B4916BA6D883CB0 /* Pods */ = {
			isa = PBXGroup;
			children = (
				1AF17BDEE9C84605C9079734 /* Pods-RoutePath.debug.xcconfig */,
				1D8901157C28511BC0ADDF24 /* Pods-RoutePath.release.xcconfig */,
			);
			path = Pods;
			sourceTree = "<group>";
		};
		2C4A956E27380B8200BCE213 = {
			isa = PBXGroup;
			children = (
				2C4A957927380B8200BCE213 /* RoutePath */,
				2C4A957827380B8200BCE213 /* Products */,
				0C567B783B4916BA6D883CB0 /* Pods */,
				6B2D7D989D9B6A681531737D /* Frameworks */,
			);
			sourceTree = "<group>";
		};
		2C4A957827380B8200BCE213 /* Products */ = {
			isa = PBXGroup;
			children = (
				2C4A957727380B8200BCE213 /* RoutePath.app */,
			);
			name = Products;
			sourceTree = "<group>";
		};
		2C4A957927380B8200BCE213 /* RoutePath */ = {
			isa = PBXGroup;
			children = (
				2C4A957A27380B8200BCE213 /* AppDelegate.swift */,
				2C4A957C27380B8200BCE213 /* SceneDelegate.swift */,
				2C4A957E27380B8200BCE213 /* ViewController.swift */,
				2C4A958027380B8200BCE213 /* Main.storyboard */,
				2C4A958327380B8300BCE213 /* Assets.xcassets */,
				2C4A958527380B8300BCE213 /* LaunchScreen.storyboard */,
				2C4A958827380B8300BCE213 /* Info.plist */,
			);
			path = RoutePath;
			sourceTree = "<group>";
		};
		6B2D7D989D9B6A681531737D /* Frameworks */ = {
			isa = PBXGroup;
			children = (
				F2D7542E1D90CBFD1D79AF5D /* Pods_RoutePath.framework */,
			);
			name = Frameworks;
			sourceTree = "<group>";
		};
/* End PBXGroup section */

/* Begin PBXNativeTarget section */
		2C4A957627380B8200BCE213 /* RoutePath */ = {
			isa = PBXNativeTarget;
			buildConfigurationList = 2C4A958B27380B8300BCE213 /* Build configuration list for PBXNativeTarget "RoutePath" */;
			buildPhases = (
				2A05590EB73AE86B1D88FDCD /* [CP] Check Pods Manifest.lock */,
				2C4A957327380B8200BCE213 /* Sources */,
				2C4A957427380B8200BCE213 /* Frameworks */,
				2C4A957527380B8200BCE213 /* Resources */,
			);
			buildRules = (
			);
			dependencies = (
			);
			name = RoutePath;
			packageProductDependencies = (
				2CCBDB72274A6FDB0085BDBA /* ASPM */,
			);
			productName = RoutePath;
			productReference = 2C4A957727380B8200BCE213 /* RoutePath.app */;
			productType = "com.apple.product-type.application";
		};
/* End PBXNativeTarget section */

/* Begin PBXProject section */
		2C4A956F27380B8200BCE213 /* Project object */ = {
			isa = PBXProject;
			attributes = {
				BuildIndependentTargetsInParallel = 1;
				LastSwiftUpdateCheck = 1310;
				LastUpgradeCheck = 1310;
				TargetAttributes = {
					2C4A957627380B8200BCE213 = {
						CreatedOnToolsVersion = 13.1;
					};
				};
			};
			buildConfigurationList = 2C4A957227380B8200BCE213 /* Build configuration list for PBXProject "RoutePath" */;
			compatibilityVersion = "Xcode 13.0";
			developmentRegion = en;
			hasScannedForEncodings = 0;
			knownRegions = (
				en,
				Base,
			);
			mainGroup = 2C4A956E27380B8200BCE213;
			packageReferences = (
				2CCBDB71274A6FDB0085BDBA /* XCRemoteSwiftPackageReference "ASPM" */,
			);
			productRefGroup = 2C4A957827380B8200BCE213 /* Products */;
			projectDirPath = "";
			projectRoot = "";
			targets = (
				2C4A957627380B8200BCE213 /* RoutePath */,
			);
		};
/* End PBXProject section */

/* Begin PBXResourcesBuildPhase section */
		2C4A957527380B8200BCE213 /* Resources */ = {
			isa = PBXResourcesBuildPhase;
			buildActionMask = 2147483647;
			files = (
				2C4A958727380B8300BCE213 /* LaunchScreen.storyboard in Resources */,
				2C4A958427380B8300BCE213 /* Assets.xcassets in Resources */,
				2C4A958227380B8200BCE213 /* Main.storyboard in Resources */,
			);
			runOnlyForDeploymentPostprocessing = 0;
		};
/* End PBXResourcesBuildPhase section */

/* Begin PBXShellScriptBuildPhase section */
		2A05590EB73AE86B1D88FDCD /* [CP] Check Pods Manifest.lock */ = {
			isa = PBXShellScriptBuildPhase;
			buildActionMask = 2147483647;
			files = (
			);
			inputFileListPaths = (
			);
			inputPaths = (
				"${PODS_PODFILE_DIR_PATH}/Podfile.lock",
				"${PODS_ROOT}/Manifest.lock",
			);
			name = "[CP] Check Pods Manifest.lock";
			outputFileListPaths = (
			);
			outputPaths = (
				"$(DERIVED_FILE_DIR)/Pods-RoutePath-checkManifestLockResult.txt",
			);
			runOnlyForDeploymentPostprocessing = 0;
			shellPath = /bin/sh;
			shellScript = "diff \"${PODS_PODFILE_DIR_PATH}/Podfile.lock\" \"${PODS_ROOT}/Manifest.lock\" > /dev/null\nif [ $? != 0 ] ; then\n    # print error to STDERR\n    echo \"error: The sandbox is not in sync with the Podfile.lock. Run 'pod install' or update your CocoaPods installation.\" >&2\n    exit 1\nfi\n# This output is used by Xcode 'outputs' to avoid re-running this script phase.\necho \"SUCCESS\" > \"${SCRIPT_OUTPUT_FILE_0}\"\n";
			showEnvVarsInLog = 0;
		};
/* End PBXShellScriptBuildPhase section */

/* Begin PBXSourcesBuildPhase section */
		2C4A957327380B8200BCE213 /* Sources */ = {
			isa = PBXSourcesBuildPhase;
			buildActionMask = 2147483647;
			files = (
				2C4A957F27380B8200BCE213 /* ViewController.swift in Sources */,
				2C4A957B27380B8200BCE213 /* AppDelegate.swift in Sources */,
				2C4A957D27380B8200BCE213 /* SceneDelegate.swift in Sources */,
			);
			runOnlyForDeploymentPostprocessing = 0;
		};
/* End PBXSourcesBuildPhase section */

/* Begin PBXVariantGroup section */
		2C4A958027380B8200BCE213 /* Main.storyboard */ = {
			isa = PBXVariantGroup;
			children = (
				2C4A958127380B8200BCE213 /* Base */,
			);
			name = Main.storyboard;
			sourceTree = "<group>";
		};
		2C4A958527380B8300BCE213 /* LaunchScreen.storyboard */ = {
			isa = PBXVariantGroup;
			children = (
				2C4A958627380B8300BCE213 /* Base */,
			);
			name = LaunchScreen.storyboard;
			sourceTree = "<group>";
		};
/* End PBXVariantGroup section */

/* Begin XCBuildConfiguration section */
		2C4A958927380B8300BCE213 /* Debug */ = {
			isa = XCBuildConfiguration;
			buildSettings = {
				ALWAYS_SEARCH_USER_PATHS = NO;
				CLANG_ANALYZER_NONNULL = YES;
				CLANG_ANALYZER_NUMBER_OBJECT_CONVERSION = YES_AGGRESSIVE;
				CLANG_CXX_LANGUAGE_STANDARD = "gnu++17";
				CLANG_CXX_LIBRARY = "libc++";
				CLANG_ENABLE_MODULES = YES;
				CLANG_ENABLE_OBJC_ARC = YES;
				CLANG_ENABLE_OBJC_WEAK = YES;
				CLANG_WARN_BLOCK_CAPTURE_AUTORELEASING = YES;
				CLANG_WARN_BOOL_CONVERSION = YES;
				CLANG_WARN_COMMA = YES;
				CLANG_WARN_CONSTANT_CONVERSION = YES;
				CLANG_WARN_DEPRECATED_OBJC_IMPLEMENTATIONS = YES;
				CLANG_WARN_DIRECT_OBJC_ISA_USAGE = YES_ERROR;
				CLANG_WARN_DOCUMENTATION_COMMENTS = YES;
				CLANG_WARN_EMPTY_BODY = YES;
				CLANG_WARN_ENUM_CONVERSION = YES;
				CLANG_WARN_INFINITE_RECURSION = YES;
				CLANG_WARN_INT_CONVERSION = YES;
				CLANG_WARN_NON_LITERAL_NULL_CONVERSION = YES;
				CLANG_WARN_OBJC_IMPLICIT_RETAIN_SELF = YES;
				CLANG_WARN_OBJC_LITERAL_CONVERSION = YES;
				CLANG_WARN_OBJC_ROOT_CLASS = YES_ERROR;
				CLANG_WARN_QUOTED_INCLUDE_IN_FRAMEWORK_HEADER = YES;
				CLANG_WARN_RANGE_LOOP_ANALYSIS = YES;
				CLANG_WARN_STRICT_PROTOTYPES = YES;
				CLANG_WARN_SUSPICIOUS_MOVE = YES;
				CLANG_WARN_UNGUARDED_AVAILABILITY = YES_AGGRESSIVE;
				CLANG_WARN_UNREACHABLE_CODE = YES;
				CLANG_WARN__DUPLICATE_METHOD_MATCH = YES;
				COPY_PHASE_STRIP = NO;
				DEBUG_INFORMATION_FORMAT = dwarf;
				ENABLE_STRICT_OBJC_MSGSEND = YES;
				ENABLE_TESTABILITY = YES;
				GCC_C_LANGUAGE_STANDARD = gnu11;
				GCC_DYNAMIC_NO_PIC = NO;
				GCC_NO_COMMON_BLOCKS = YES;
				GCC_OPTIMIZATION_LEVEL = 0;
				GCC_PREPROCESSOR_DEFINITIONS = (
					"DEBUG=1",
					"$(inherited)",
				);
				GCC_WARN_64_TO_32_BIT_CONVERSION = YES;
				GCC_WARN_ABOUT_RETURN_TYPE = YES_ERROR;
				GCC_WARN_UNDECLARED_SELECTOR = YES;
				GCC_WARN_UNINITIALIZED_AUTOS = YES_AGGRESSIVE;
				GCC_WARN_UNUSED_FUNCTION = YES;
				GCC_WARN_UNUSED_VARIABLE = YES;
				IPHONEOS_DEPLOYMENT_TARGET = 12.0;
				MTL_ENABLE_DEBUG_INFO = INCLUDE_SOURCE;
				MTL_FAST_MATH = YES;
				ONLY_ACTIVE_ARCH = YES;
				SDKROOT = iphoneos;
				SWIFT_ACTIVE_COMPILATION_CONDITIONS = DEBUG;
				SWIFT_OPTIMIZATION_LEVEL = "-Onone";
			};
			name = Debug;
		};
		2C4A958A27380B8300BCE213 /* Release */ = {
			isa = XCBuildConfiguration;
			buildSettings = {
				ALWAYS_SEARCH_USER_PATHS = NO;
				CLANG_ANALYZER_NONNULL = YES;
				CLANG_ANALYZER_NUMBER_OBJECT_CONVERSION = YES_AGGRESSIVE;
				CLANG_CXX_LANGUAGE_STANDARD = "gnu++17";
				CLANG_CXX_LIBRARY = "libc++";
				CLANG_ENABLE_MODULES = YES;
				CLANG_ENABLE_OBJC_ARC = YES;
				CLANG_ENABLE_OBJC_WEAK = YES;
				CLANG_WARN_BLOCK_CAPTURE_AUTORELEASING = YES;
				CLANG_WARN_BOOL_CONVERSION = YES;
				CLANG_WARN_COMMA = YES;
				CLANG_WARN_CONSTANT_CONVERSION = YES;
				CLANG_WARN_DEPRECATED_OBJC_IMPLEMENTATIONS = YES;
				CLANG_WARN_DIRECT_OBJC_ISA_USAGE = YES_ERROR;
				CLANG_WARN_DOCUMENTATION_COMMENTS = YES;
				CLANG_WARN_EMPTY_BODY = YES;
				CLANG_WARN_ENUM_CONVERSION = YES;
				CLANG_WARN_INFINITE_RECURSION = YES;
				CLANG_WARN_INT_CONVERSION = YES;
				CLANG_WARN_NON_LITERAL_NULL_CONVERSION = YES;
				CLANG_WARN_OBJC_IMPLICIT_RETAIN_SELF = YES;
				CLANG_WARN_OBJC_LITERAL_CONVERSION = YES;
				CLANG_WARN_OBJC_ROOT_CLASS = YES_ERROR;
				CLANG_WARN_QUOTED_INCLUDE_IN_FRAMEWORK_HEADER = YES;
				CLANG_WARN_RANGE_LOOP_ANALYSIS = YES;
				CLANG_WARN_STRICT_PROTOTYPES = YES;
				CLANG_WARN_SUSPICIOUS_MOVE = YES;
				CLANG_WARN_UNGUARDED_AVAILABILITY = YES_AGGRESSIVE;
				CLANG_WARN_UNREACHABLE_CODE = YES;
				CLANG_WARN__DUPLICATE_METHOD_MATCH = YES;
				COPY_PHASE_STRIP = NO;
				DEBUG_INFORMATION_FORMAT = "dwarf-with-dsym";
				ENABLE_NS_ASSERTIONS = NO;
				ENABLE_STRICT_OBJC_MSGSEND = YES;
				GCC_C_LANGUAGE_STANDARD = gnu11;
				GCC_NO_COMMON_BLOCKS = YES;
				GCC_WARN_64_TO_32_BIT_CONVERSION = YES;
				GCC_WARN_ABOUT_RETURN_TYPE = YES_ERROR;
				GCC_WARN_UNDECLARED_SELECTOR = YES;
				GCC_WARN_UNINITIALIZED_AUTOS = YES_AGGRESSIVE;
				GCC_WARN_UNUSED_FUNCTION = YES;
				GCC_WARN_UNUSED_VARIABLE = YES;
				IPHONEOS_DEPLOYMENT_TARGET = 12.0;
				MTL_ENABLE_DEBUG_INFO = NO;
				MTL_FAST_MATH = YES;
				SDKROOT = iphoneos;
				SWIFT_COMPILATION_MODE = wholemodule;
				SWIFT_OPTIMIZATION_LEVEL = "-O";
				VALIDATE_PRODUCT = YES;
			};
			name = Release;
		};
		2C4A958C27380B8300BCE213 /* Debug */ = {
			isa = XCBuildConfiguration;
			baseConfigurationReference = 1AF17BDEE9C84605C9079734 /* Pods-RoutePath.debug.xcconfig */;
			buildSettings = {
				ASSETCATALOG_COMPILER_APPICON_NAME = AppIcon;
				ASSETCATALOG_COMPILER_GLOBAL_ACCENT_COLOR_NAME = AccentColor;
				CODE_SIGN_STYLE = Automatic;
				CURRENT_PROJECT_VERSION = 1;
				DEVELOPMENT_TEAM = 3ZS2532XM8;
				GENERATE_INFOPLIST_FILE = YES;
				INFOPLIST_FILE = RoutePath/Info.plist;
				INFOPLIST_KEY_UIApplicationSupportsIndirectInputEvents = YES;
				INFOPLIST_KEY_UILaunchStoryboardName = LaunchScreen;
				INFOPLIST_KEY_UIMainStoryboardFile = Main;
				INFOPLIST_KEY_UISupportedInterfaceOrientations_iPad = "UIInterfaceOrientationPortrait UIInterfaceOrientationPortraitUpsideDown UIInterfaceOrientationLandscapeLeft UIInterfaceOrientationLandscapeRight";
				INFOPLIST_KEY_UISupportedInterfaceOrientations_iPhone = "UIInterfaceOrientationPortrait UIInterfaceOrientationLandscapeLeft UIInterfaceOrientationLandscapeRight";
				LD_RUNPATH_SEARCH_PATHS = (
					"$(inherited)",
					"@executable_path/Frameworks",
				);
				MARKETING_VERSION = 1.0;
				PRODUCT_BUNDLE_IDENTIFIER = com.wargi.RoutePath;
				PRODUCT_NAME = "$(TARGET_NAME)";
				SWIFT_EMIT_LOC_STRINGS = YES;
				SWIFT_VERSION = 5.0;
				TARGETED_DEVICE_FAMILY = "1,2";
			};
			name = Debug;
		};
		2C4A958D27380B8300BCE213 /* Release */ = {
			isa = XCBuildConfiguration;
			baseConfigurationReference = 1D8901157C28511BC0ADDF24 /* Pods-RoutePath.release.xcconfig */;
			buildSettings = {
				ASSETCATALOG_COMPILER_APPICON_NAME = AppIcon;
				ASSETCATALOG_COMPILER_GLOBAL_ACCENT_COLOR_NAME = AccentColor;
				CODE_SIGN_STYLE = Automatic;
				CURRENT_PROJECT_VERSION = 1;
				DEVELOPMENT_TEAM = 3ZS2532XM8;
				GENERATE_INFOPLIST_FILE = YES;
				INFOPLIST_FILE = RoutePath/Info.plist;
				INFOPLIST_KEY_UIApplicationSupportsIndirectInputEvents = YES;
				INFOPLIST_KEY_UILaunchStoryboardName = LaunchScreen;
				INFOPLIST_KEY_UIMainStoryboardFile = Main;
				INFOPLIST_KEY_UISupportedInterfaceOrientations_iPad = "UIInterfaceOrientationPortrait UIInterfaceOrientationPortraitUpsideDown UIInterfaceOrientationLandscapeLeft UIInterfaceOrientationLandscapeRight";
				INFOPLIST_KEY_UISupportedInterfaceOrientations_iPhone = "UIInterfaceOrientationPortrait UIInterfaceOrientationLandscapeLeft UIInterfaceOrientationLandscapeRight";
				LD_RUNPATH_SEARCH_PATHS = (
					"$(inherited)",
					"@executable_path/Frameworks",
				);
				MARKETING_VERSION = 1.0;
				PRODUCT_BUNDLE_IDENTIFIER = com.wargi.RoutePath;
				PRODUCT_NAME = "$(TARGET_NAME)";
				SWIFT_EMIT_LOC_STRINGS = YES;
				SWIFT_VERSION = 5.0;
				TARGETED_DEVICE_FAMILY = "1,2";
			};
			name = Release;
		};
/* End XCBuildConfiguration section */

/* Begin XCConfigurationList section */
		2C4A957227380B8200BCE213 /* Build configuration list for PBXProject "RoutePath" */ = {
			isa = XCConfigurationList;
			buildConfigurations = (
				2C4A958927380B8300BCE213 /* Debug */,
				2C4A958A27380B8300BCE213 /* Release */,
			);
			defaultConfigurationIsVisible = 0;
			defaultConfigurationName = Release;
		};
		2C4A958B27380B8300BCE213 /* Build configuration list for PBXNativeTarget "RoutePath" */ = {
			isa = XCConfigurationList;
			buildConfigurations = (
				2C4A958C27380B8300BCE213 /* Debug */,
				2C4A958D27380B8300BCE213 /* Release */,
			);
			defaultConfigurationIsVisible = 0;
			defaultConfigurationName = Release;
		};
/* End XCConfigurationList section */

/* Begin XCRemoteSwiftPackageReference section */
		2CCBDB71274A6FDB0085BDBA /* XCRemoteSwiftPackageReference "ASPM" */ = {
			isa = XCRemoteSwiftPackageReference;
			repositoryURL = "https://github.com/wargi/ASPM.git";
			requirement = {
				kind = upToNextMajorVersion;
				minimumVersion = 0.8.0;
			};
		};
/* End XCRemoteSwiftPackageReference section */

/* Begin XCSwiftPackageProductDependency section */
		2CCBDB72274A6FDB0085BDBA /* ASPM */ = {
			isa = XCSwiftPackageProductDependency;
			package = 2CCBDB71274A6FDB0085BDBA /* XCRemoteSwiftPackageReference "ASPM" */;
			productName = ASPM;
		};
/* End XCSwiftPackageProductDependency section */
	};
	rootObject = 2C4A956F27380B8200BCE213 /* Project object */;
}
