// !$*UTF8*$!
{
	archiveVersion = 1;
	classes = {
	};
	objectVersion = 48;
	objects = {

/* Begin PBXBuildFile section */
		8E6A32112044F08E000A901E /* AppDelegate.swift in Sources */ = {isa = PBXBuildFile; fileRef = 8E6A32102044F08E000A901E /* AppDelegate.swift */; };
		8E6A32132044F08E000A901E /* ViewController.swift in Sources */ = {isa = PBXBuildFile; fileRef = 8E6A32122044F08E000A901E /* ViewController.swift */; };
		8E6A32162044F08E000A901E /* Main.storyboard in Resources */ = {isa = PBXBuildFile; fileRef = 8E6A32142044F08E000A901E /* Main.storyboard */; };
		8E6A32182044F08E000A901E /* Assets.xcassets in Resources */ = {isa = PBXBuildFile; fileRef = 8E6A32172044F08E000A901E /* Assets.xcassets */; };
		8E6A321B2044F08E000A901E /* LaunchScreen.storyboard in Resources */ = {isa = PBXBuildFile; fileRef = 8E6A32192044F08E000A901E /* LaunchScreen.storyboard */; };
		8E6A32232044F09E000A901E /* EnumTest.swift in Sources */ = {isa = PBXBuildFile; fileRef = 8E6A32222044F09E000A901E /* EnumTest.swift */; };
/* End PBXBuildFile section */

/* Begin PBXFileReference section */
		8E6A320D2044F08E000A901E /* EnumTest.app */ = {isa = PBXFileReference; explicitFileType = wrapper.application; includeInIndex = 0; path = EnumTest.app; sourceTree = BUILT_PRODUCTS_DIR; };
		8E6A32102044F08E000A901E /* AppDelegate.swift */ = {isa = PBXFileReference; lastKnownFileType = sourcecode.swift; path = AppDelegate.swift; sourceTree = "<group>"; };
		8E6A32122044F08E000A901E /* ViewController.swift */ = {isa = PBXFileReference; lastKnownFileType = sourcecode.swift; path = ViewController.swift; sourceTree = "<group>"; };
		8E6A32152044F08E000A901E /* Base */ = {isa = PBXFileReference; lastKnownFileType = file.storyboard; name = Base; path = Base.lproj/Main.storyboard; sourceTree = "<group>"; };
		8E6A32172044F08E000A901E /* Assets.xcassets */ = {isa = PBXFileReference; lastKnownFileType = folder.assetcatalog; path = Assets.xcassets; sourceTree = "<group>"; };
		8E6A321A2044F08E000A901E /* Base */ = {isa = PBXFileReference; lastKnownFileType = file.storyboard; name = Base; path = Base.lproj/LaunchScreen.storyboard; sourceTree = "<group>"; };
		8E6A321C2044F08E000A901E /* Info.plist */ = {isa = PBXFileReference; lastKnownFileType = text.plist.xml; path = Info.plist; sourceTree = "<group>"; };
		8E6A32222044F09E000A901E /* EnumTest.swift */ = {isa = PBXFileReference; lastKnownFileType = sourcecode.swift; path = EnumTest.swift; sourceTree = "<group>"; };
/* End PBXFileReference section */

/* Begin PBXFrameworksBuildPhase section */
		8E6A320A2044F08E000A901E /* Frameworks */ = {
			isa = PBXFrameworksBuildPhase;
			buildActionMask = 2147483647;
			files = (
			);
			runOnlyForDeploymentPostprocessing = 0;
		};
/* End PBXFrameworksBuildPhase section */

/* Begin PBXGroup section */
		8E6A32042044F08E000A901E = {
			isa = PBXGroup;
			children = (
				8E6A320F2044F08E000A901E /* EnumTest */,
				8E6A320E2044F08E000A901E /* Products */,
			);
			sourceTree = "<group>";
		};
		8E6A320E2044F08E000A901E /* Products */ = {
			isa = PBXGroup;
			children = (
				8E6A320D2044F08E000A901E /* EnumTest.app */,
			);
			name = Products;
			sourceTree = "<group>";
		};
		8E6A320F2044F08E000A901E /* EnumTest */ = {
			isa = PBXGroup;
			children = (
				8E6A32102044F08E000A901E /* AppDelegate.swift */,
				8E6A32122044F08E000A901E /* ViewController.swift */,
				8E6A32222044F09E000A901E /* EnumTest.swift */,
				8E6A32142044F08E000A901E /* Main.storyboard */,
				8E6A32172044F08E000A901E /* Assets.xcassets */,
				8E6A32192044F08E000A901E /* LaunchScreen.storyboard */,
				8E6A321C2044F08E000A901E /* Info.plist */,
			);
			path = EnumTest;
			sourceTree = "<group>";
		};
/* End PBXGroup section */

/* Begin PBXNativeTarget section */
		8E6A320C2044F08E000A901E /* EnumTest */ = {
			isa = PBXNativeTarget;
			buildConfigurationList = 8E6A321F2044F08E000A901E /* Build configuration list for PBXNativeTarget "EnumTest" */;
			buildPhases = (
				8E6A32092044F08E000A901E /* Sources */,
				8E6A320A2044F08E000A901E /* Frameworks */,
				8E6A320B2044F08E000A901E /* Resources */,
			);
			buildRules = (
			);
			dependencies = (
			);
			name = EnumTest;
			productName = EnumTest;
			productReference = 8E6A320D2044F08E000A901E /* EnumTest.app */;
			productType = "com.apple.product-type.application";
		};
/* End PBXNativeTarget section */

/* Begin PBXProject section */
		8E6A32052044F08E000A901E /* Project object */ = {
			isa = PBXProject;
			attributes = {
				LastSwiftUpdateCheck = 0920;
				LastUpgradeCheck = 0920;
				ORGANIZATIONNAME = "sangwook park";
				TargetAttributes = {
					8E6A320C2044F08E000A901E = {
						CreatedOnToolsVersion = 9.2;
						ProvisioningStyle = Automatic;
					};
				};
			};
			buildConfigurationList = 8E6A32082044F08E000A901E /* Build configuration list for PBXProject "EnumTest" */;
			compatibilityVersion = "Xcode 8.0";
			developmentRegion = en;
			hasScannedForEncodings = 0;
			knownRegions = (
				en,
				Base,
			);
			mainGroup = 8E6A32042044F08E000A901E;
			productRefGroup = 8E6A320E2044F08E000A901E /* Products */;
			projectDirPath = "";
			projectRoot = "";
			targets = (
				8E6A320C2044F08E000A901E /* EnumTest */,
			);
		};
/* End PBXProject section */

/* Begin PBXResourcesBuildPhase section */
		8E6A320B2044F08E000A901E /* Resources */ = {
			isa = PBXResourcesBuildPhase;
			buildActionMask = 2147483647;
			files = (
				8E6A321B2044F08E000A901E /* LaunchScreen.storyboard in Resources */,
				8E6A32182044F08E000A901E /* Assets.xcassets in Resources */,
				8E6A32162044F08E000A901E /* Main.storyboard in Resources */,
			);
			runOnlyForDeploymentPostprocessing = 0;
		};
/* End PBXResourcesBuildPhase section */

/* Begin PBXSourcesBuildPhase section */
		8E6A32092044F08E000A901E /* Sources */ = {
			isa = PBXSourcesBuildPhase;
			buildActionMask = 2147483647;
			files = (
				8E6A32132044F08E000A901E /* ViewController.swift in Sources */,
				8E6A32112044F08E000A901E /* AppDelegate.swift in Sources */,
				8E6A32232044F09E000A901E /* EnumTest.swift in Sources */,
			);
			runOnlyForDeploymentPostprocessing = 0;
		};
/* End PBXSourcesBuildPhase section */

/* Begin PBXVariantGroup section */
		8E6A32142044F08E000A901E /* Main.storyboard */ = {
			isa = PBXVariantGroup;
			children = (
				8E6A32152044F08E000A901E /* Base */,
			);
			name = Main.storyboard;
			sourceTree = "<group>";
		};
		8E6A32192044F08E000A901E /* LaunchScreen.storyboard */ = {
			isa = PBXVariantGroup;
			children = (
				8E6A321A2044F08E000A901E /* Base */,
			);
			name = LaunchScreen.storyboard;
			sourceTree = "<group>";
		};
/* End PBXVariantGroup section */

/* Begin XCBuildConfiguration section */
		8E6A321D2044F08E000A901E /* Debug */ = {
			isa = XCBuildConfiguration;
			buildSettings = {
				ALWAYS_SEARCH_USER_PATHS = NO;
				CLANG_ANALYZER_NONNULL = YES;
				CLANG_ANALYZER_NUMBER_OBJECT_CONVERSION = YES_AGGRESSIVE;
				CLANG_CXX_LANGUAGE_STANDARD = "gnu++14";
				CLANG_CXX_LIBRARY = "libc++";
				CLANG_ENABLE_MODULES = YES;
				CLANG_ENABLE_OBJC_ARC = YES;
				CLANG_WARN_BLOCK_CAPTURE_AUTORELEASING = YES;
				CLANG_WARN_BOOL_CONVERSION = YES;
				CLANG_WARN_COMMA = YES;
				CLANG_WARN_CONSTANT_CONVERSION = YES;
				CLANG_WARN_DIRECT_OBJC_ISA_USAGE = YES_ERROR;
				CLANG_WARN_DOCUMENTATION_COMMENTS = YES;
				CLANG_WARN_EMPTY_BODY = YES;
				CLANG_WARN_ENUM_CONVERSION = YES;
				CLANG_WARN_INFINITE_RECURSION = YES;
				CLANG_WARN_INT_CONVERSION = YES;
				CLANG_WARN_NON_LITERAL_NULL_CONVERSION = YES;
				CLANG_WARN_OBJC_LITERAL_CONVERSION = YES;
				CLANG_WARN_OBJC_ROOT_CLASS = YES_ERROR;
				CLANG_WARN_RANGE_LOOP_ANALYSIS = YES;
				CLANG_WARN_STRICT_PROTOTYPES = YES;
				CLANG_WARN_SUSPICIOUS_MOVE = YES;
				CLANG_WARN_UNGUARDED_AVAILABILITY = YES_AGGRESSIVE;
				CLANG_WARN_UNREACHABLE_CODE = YES;
				CLANG_WARN__DUPLICATE_METHOD_MATCH = YES;
				CODE_SIGN_IDENTITY = "iPhone Developer";
				COPY_PHASE_STRIP = NO;
				DEBUG_INFORMATION_FORMAT = dwarf;
				ENABLE_STRICT_OBJC_MSGSEND = YES;
				ENABLE_TESTABILITY = YES;
				GCC_C_LANGUAGE_STANDARD = gnu11;
				GCC_DYNAMIC_NO_PIC = NO;
				GCC_NO_COMMON_BLOCKS = YES;
				GCC_OPTIMIZATION_LEVEL = 0;
				GCC_PREPROCESSOR_DEFINITIONS = (
					"DEBUG=1",
					"$(inherited)",
				);
				GCC_WARN_64_TO_32_BIT_CONVERSION = YES;
				GCC_WARN_ABOUT_RETURN_TYPE = YES_ERROR;
				GCC_WARN_UNDECLARED_SELECTOR = YES;
				GCC_WARN_UNINITIALIZED_AUTOS = YES_AGGRESSIVE;
				GCC_WARN_UNUSED_FUNCTION = YES;
				GCC_WARN_UNUSED_VARIABLE = YES;
				IPHONEOS_DEPLOYMENT_TARGET = 11.2;
				MTL_ENABLE_DEBUG_INFO = YES;
				ONLY_ACTIVE_ARCH = YES;
				SDKROOT = iphoneos;
				SWIFT_ACTIVE_COMPILATION_CONDITIONS = DEBUG;
				SWIFT_OPTIMIZATION_LEVEL = "-Onone";
			};
			name = Debug;
		};
		8E6A321E2044F08E000A901E /* Release */ = {
			isa = XCBuildConfiguration;
			buildSettings = {
				ALWAYS_SEARCH_USER_PATHS = NO;
				CLANG_ANALYZER_NONNULL = YES;
				CLANG_ANALYZER_NUMBER_OBJECT_CONVERSION = YES_AGGRESSIVE;
				CLANG_CXX_LANGUAGE_STANDARD = "gnu++14";
				CLANG_CXX_LIBRARY = "libc++";
				CLANG_ENABLE_MODULES = YES;
				CLANG_ENABLE_OBJC_ARC = YES;
				CLANG_WARN_BLOCK_CAPTURE_AUTORELEASING = YES;
				CLANG_WARN_BOOL_CONVERSION = YES;
				CLANG_WARN_COMMA = YES;
				CLANG_WARN_CONSTANT_CONVERSION = YES;
				CLANG_WARN_DIRECT_OBJC_ISA_USAGE = YES_ERROR;
				CLANG_WARN_DOCUMENTATION_COMMENTS = YES;
				CLANG_WARN_EMPTY_BODY = YES;
				CLANG_WARN_ENUM_CONVERSION = YES;
				CLANG_WARN_INFINITE_RECURSION = YES;
				CLANG_WARN_INT_CONVERSION = YES;
				CLANG_WARN_NON_LITERAL_NULL_CONVERSION = YES;
				CLANG_WARN_OBJC_LITERAL_CONVERSION = YES;
				CLANG_WARN_OBJC_ROOT_CLASS = YES_ERROR;
				CLANG_WARN_RANGE_LOOP_ANALYSIS = YES;
				CLANG_WARN_STRICT_PROTOTYPES = YES;
				CLANG_WARN_SUSPICIOUS_MOVE = YES;
				CLANG_WARN_UNGUARDED_AVAILABILITY = YES_AGGRESSIVE;
				CLANG_WARN_UNREACHABLE_CODE = YES;
				CLANG_WARN__DUPLICATE_METHOD_MATCH = YES;
				CODE_SIGN_IDENTITY = "iPhone Developer";
				COPY_PHASE_STRIP = NO;
				DEBUG_INFORMATION_FORMAT = "dwarf-with-dsym";
				ENABLE_NS_ASSERTIONS = NO;
				ENABLE_STRICT_OBJC_MSGSEND = YES;
				GCC_C_LANGUAGE_STANDARD = gnu11;
				GCC_NO_COMMON_BLOCKS = YES;
				GCC_WARN_64_TO_32_BIT_CONVERSION = YES;
				GCC_WARN_ABOUT_RETURN_TYPE = YES_ERROR;
				GCC_WARN_UNDECLARED_SELECTOR = YES;
				GCC_WARN_UNINITIALIZED_AUTOS = YES_AGGRESSIVE;
				GCC_WARN_UNUSED_FUNCTION = YES;
				GCC_WARN_UNUSED_VARIABLE = YES;
				IPHONEOS_DEPLOYMENT_TARGET = 11.2;
				MTL_ENABLE_DEBUG_INFO = NO;
				SDKROOT = iphoneos;
				SWIFT_OPTIMIZATION_LEVEL = "-Owholemodule";
				VALIDATE_PRODUCT = YES;
			};
			name = Release;
		};
		8E6A32202044F08E000A901E /* Debug */ = {
			isa = XCBuildConfiguration;
			buildSettings = {
				ASSETCATALOG_COMPILER_APPICON_NAME = AppIcon;
				CODE_SIGN_STYLE = Automatic;
				INFOPLIST_FILE = EnumTest/Info.plist;
				LD_RUNPATH_SEARCH_PATHS = "$(inherited) @executable_path/Frameworks";
				PRODUCT_BUNDLE_IDENTIFIER = com.EnumTest;
				PRODUCT_NAME = "$(TARGET_NAME)";
				SWIFT_VERSION = 4.0;
				TARGETED_DEVICE_FAMILY = "1,2";
			};
			name = Debug;
		};
		8E6A32212044F08E000A901E /* Release */ = {
			isa = XCBuildConfiguration;
			buildSettings = {
				ASSETCATALOG_COMPILER_APPICON_NAME = AppIcon;
				CODE_SIGN_STYLE = Automatic;
				INFOPLIST_FILE = EnumTest/Info.plist;
				LD_RUNPATH_SEARCH_PATHS = "$(inherited) @executable_path/Frameworks";
				PRODUCT_BUNDLE_IDENTIFIER = com.EnumTest;
				PRODUCT_NAME = "$(TARGET_NAME)";
				SWIFT_VERSION = 4.0;
				TARGETED_DEVICE_FAMILY = "1,2";
			};
			name = Release;
		};
/* End XCBuildConfiguration section */

/* Begin XCConfigurationList section */
		8E6A32082044F08E000A901E /* Build configuration list for PBXProject "EnumTest" */ = {
			isa = XCConfigurationList;
			buildConfigurations = (
				8E6A321D2044F08E000A901E /* Debug */,
				8E6A321E2044F08E000A901E /* Release */,
			);
			defaultConfigurationIsVisible = 0;
			defaultConfigurationName = Release;
		};
		8E6A321F2044F08E000A901E /* Build configuration list for PBXNativeTarget "EnumTest" */ = {
			isa = XCConfigurationList;
			buildConfigurations = (
				8E6A32202044F08E000A901E /* Debug */,
				8E6A32212044F08E000A901E /* Release */,
			);
			defaultConfigurationIsVisible = 0;
			defaultConfigurationName = Release;
		};
/* End XCConfigurationList section */
	};
	rootObject = 8E6A32052044F08E000A901E /* Project object */;
}
